// !$*UTF8*$!
{
	archiveVersion = 1;
	classes = {
	};
	objectVersion = 46;
	objects = {

/* Begin PBXBuildFile section */
		39214A111D05203B0019422D /* main.m in Sources */ = {isa = PBXBuildFile; fileRef = 39214A101D05203B0019422D /* main.m */; };
		39214A141D05203B0019422D /* AppDelegate.m in Sources */ = {isa = PBXBuildFile; fileRef = 39214A131D05203B0019422D /* AppDelegate.m */; };
		39214A1A1D05203B0019422D /* Main.storyboard in Resources */ = {isa = PBXBuildFile; fileRef = 39214A181D05203B0019422D /* Main.storyboard */; };
		39214A1C1D05203B0019422D /* Assets.xcassets in Resources */ = {isa = PBXBuildFile; fileRef = 39214A1B1D05203B0019422D /* Assets.xcassets */; };
		39214A1F1D05203B0019422D /* LaunchScreen.storyboard in Resources */ = {isa = PBXBuildFile; fileRef = 39214A1D1D05203B0019422D /* LaunchScreen.storyboard */; };
		39214A2A1D05203B0019422D /* YS_iOS_OtherTests.m in Sources */ = {isa = PBXBuildFile; fileRef = 39214A291D05203B0019422D /* YS_iOS_OtherTests.m */; };
		39214A351D05203B0019422D /* YS_iOS_OtherUITests.m in Sources */ = {isa = PBXBuildFile; fileRef = 39214A341D05203B0019422D /* YS_iOS_OtherUITests.m */; };
		39214A761D056A600019422D /* 1.jpg in Resources */ = {isa = PBXBuildFile; fileRef = 39214A6A1D056A600019422D /* 1.jpg */; };
		39214A771D056A600019422D /* 10.jpg in Resources */ = {isa = PBXBuildFile; fileRef = 39214A6B1D056A600019422D /* 10.jpg */; };
		39214A781D056A600019422D /* 11.jpg in Resources */ = {isa = PBXBuildFile; fileRef = 39214A6C1D056A600019422D /* 11.jpg */; };
		39214A791D056A600019422D /* 12.jpg in Resources */ = {isa = PBXBuildFile; fileRef = 39214A6D1D056A600019422D /* 12.jpg */; };
		39214A7A1D056A600019422D /* 2.jpg in Resources */ = {isa = PBXBuildFile; fileRef = 39214A6E1D056A600019422D /* 2.jpg */; };
		39214A7B1D056A600019422D /* 3.jpg in Resources */ = {isa = PBXBuildFile; fileRef = 39214A6F1D056A600019422D /* 3.jpg */; };
		39214A7C1D056A600019422D /* 4.jpg in Resources */ = {isa = PBXBuildFile; fileRef = 39214A701D056A600019422D /* 4.jpg */; };
		39214A7D1D056A600019422D /* 5.jpg in Resources */ = {isa = PBXBuildFile; fileRef = 39214A711D056A600019422D /* 5.jpg */; };
		39214A7E1D056A600019422D /* 6.jpg in Resources */ = {isa = PBXBuildFile; fileRef = 39214A721D056A600019422D /* 6.jpg */; };
		39214A7F1D056A600019422D /* 7.jpg in Resources */ = {isa = PBXBuildFile; fileRef = 39214A731D056A600019422D /* 7.jpg */; };
		39214A801D056A600019422D /* 8.jpg in Resources */ = {isa = PBXBuildFile; fileRef = 39214A741D056A600019422D /* 8.jpg */; };
		39214A811D056A600019422D /* 9.jpg in Resources */ = {isa = PBXBuildFile; fileRef = 39214A751D056A600019422D /* 9.jpg */; };
		392621931D2363DA00CF4C90 /* JianShuNavAnimationViewController.m in Sources */ = {isa = PBXBuildFile; fileRef = 392621921D2363DA00CF4C90 /* JianShuNavAnimationViewController.m */; };
		392621971D2365D700CF4C90 /* UIColor+Image.m in Sources */ = {isa = PBXBuildFile; fileRef = 392621961D2365D700CF4C90 /* UIColor+Image.m */; };
		3926219A1D239F0400CF4C90 /* NavHideViewController.m in Sources */ = {isa = PBXBuildFile; fileRef = 392621991D239F0400CF4C90 /* NavHideViewController.m */; };
		3926219D1D23B19100CF4C90 /* NavHeadViewViewController.m in Sources */ = {isa = PBXBuildFile; fileRef = 3926219C1D23B19100CF4C90 /* NavHeadViewViewController.m */; };
		39399A0F1D24B57100409871 /* YSFileManager.m in Sources */ = {isa = PBXBuildFile; fileRef = 39399A0E1D24B57100409871 /* YSFileManager.m */; };
		39399A111D24B97400409871 /* trash.png in Resources */ = {isa = PBXBuildFile; fileRef = 39399A101D24B97400409871 /* trash.png */; };
		39399A191D24BB5700409871 /* YSHistoryView.m in Sources */ = {isa = PBXBuildFile; fileRef = 39399A181D24BB5700409871 /* YSHistoryView.m */; };
		394594501D3875A70017F4A3 /* YSRootViewController.m in Sources */ = {isa = PBXBuildFile; fileRef = 3945944D1D3875A70017F4A3 /* YSRootViewController.m */; };
		394594511D3875A70017F4A3 /* YSTabBarController.m in Sources */ = {isa = PBXBuildFile; fileRef = 3945944F1D3875A70017F4A3 /* YSTabBarController.m */; };
		394594541D3875DF0017F4A3 /* YSSaveDataViewController.m in Sources */ = {isa = PBXBuildFile; fileRef = 394594531D3875DF0017F4A3 /* YSSaveDataViewController.m */; };
		3945945B1D38777F0017F4A3 /* YSLanguageViewController.m in Sources */ = {isa = PBXBuildFile; fileRef = 3945945A1D38777F0017F4A3 /* YSLanguageViewController.m */; };
		394594611D3877AE0017F4A3 /* YSWebViewController.m in Sources */ = {isa = PBXBuildFile; fileRef = 394594601D3877AE0017F4A3 /* YSWebViewController.m */; };
		3945948C1D38785D0017F4A3 /* ViewController.m in Sources */ = {isa = PBXBuildFile; fileRef = 3945948B1D38785D0017F4A3 /* ViewController.m */; };
		3945948F1D3878740017F4A3 /* OnePickerViewController.m in Sources */ = {isa = PBXBuildFile; fileRef = 3945948E1D3878740017F4A3 /* OnePickerViewController.m */; };
		394594961D3878850017F4A3 /* OneCollectionCollectionViewCell.m in Sources */ = {isa = PBXBuildFile; fileRef = 394594911D3878850017F4A3 /* OneCollectionCollectionViewCell.m */; };
		394594971D3878850017F4A3 /* OneCollectionReusableView.m in Sources */ = {isa = PBXBuildFile; fileRef = 394594931D3878850017F4A3 /* OneCollectionReusableView.m */; };
		394594981D3878850017F4A3 /* OneCollectionViewController.m in Sources */ = {isa = PBXBuildFile; fileRef = 394594951D3878850017F4A3 /* OneCollectionViewController.m */; };
		3945949D1D3878950017F4A3 /* OneHorizontalTableViewCell.m in Sources */ = {isa = PBXBuildFile; fileRef = 3945949A1D3878950017F4A3 /* OneHorizontalTableViewCell.m */; };
		3945949E1D3878950017F4A3 /* OneHorizontalTableViewController.m in Sources */ = {isa = PBXBuildFile; fileRef = 3945949C1D3878950017F4A3 /* OneHorizontalTableViewController.m */; };
		394594A51D3878A50017F4A3 /* OneSearchController.m in Sources */ = {isa = PBXBuildFile; fileRef = 394594A01D3878A50017F4A3 /* OneSearchController.m */; };
		394594A61D3878A50017F4A3 /* OneSearchDisplayController.m in Sources */ = {isa = PBXBuildFile; fileRef = 394594A21D3878A50017F4A3 /* OneSearchDisplayController.m */; };
		394594A71D3878A50017F4A3 /* SearchResultViewController.m in Sources */ = {isa = PBXBuildFile; fileRef = 394594A41D3878A50017F4A3 /* SearchResultViewController.m */; };
		394594AA1D3878B40017F4A3 /* YSSearchBarView.m in Sources */ = {isa = PBXBuildFile; fileRef = 394594A91D3878B40017F4A3 /* YSSearchBarView.m */; };
		394594AD1D3878C20017F4A3 /* CustemSearchViewController.m in Sources */ = {isa = PBXBuildFile; fileRef = 394594AC1D3878C20017F4A3 /* CustemSearchViewController.m */; };
		394594B01D3878D20017F4A3 /* ApplicationSettingViewController.m in Sources */ = {isa = PBXBuildFile; fileRef = 394594AF1D3878D20017F4A3 /* ApplicationSettingViewController.m */; };
		394594B31D3879200017F4A3 /* YSHarewareViewController.m in Sources */ = {isa = PBXBuildFile; fileRef = 394594B21D3879200017F4A3 /* YSHarewareViewController.m */; };
		394594B61D38792F0017F4A3 /* YSOtherViewController.m in Sources */ = {isa = PBXBuildFile; fileRef = 394594B51D38792F0017F4A3 /* YSOtherViewController.m */; };
		394594BE1D387E310017F4A3 /* hareware.png in Resources */ = {isa = PBXBuildFile; fileRef = 394594B81D387E310017F4A3 /* hareware.png */; };
		394594BF1D387E310017F4A3 /* language.png in Resources */ = {isa = PBXBuildFile; fileRef = 394594B91D387E310017F4A3 /* language.png */; };
		394594C01D387E310017F4A3 /* other.png in Resources */ = {isa = PBXBuildFile; fileRef = 394594BA1D387E310017F4A3 /* other.png */; };
		394594C11D387E310017F4A3 /* savedata.png in Resources */ = {isa = PBXBuildFile; fileRef = 394594BB1D387E310017F4A3 /* savedata.png */; };
		394594C21D387E310017F4A3 /* ui.png in Resources */ = {isa = PBXBuildFile; fileRef = 394594BC1D387E310017F4A3 /* ui.png */; };
		394594C31D387E310017F4A3 /* web.png in Resources */ = {isa = PBXBuildFile; fileRef = 394594BD1D387E310017F4A3 /* web.png */; };
		3949E2701D1A2DA30016BFF6 /* YSUserDefaults.m in Sources */ = {isa = PBXBuildFile; fileRef = 3949E26F1D1A2DA30016BFF6 /* YSUserDefaults.m */; };
		3949E2741D1A327D0016BFF6 /* YSDefaultsViewController.m in Sources */ = {isa = PBXBuildFile; fileRef = 3949E2731D1A327D0016BFF6 /* YSDefaultsViewController.m */; };
		3949E2771D1A3B890016BFF6 /* YSUserModel.m in Sources */ = {isa = PBXBuildFile; fileRef = 3949E2761D1A3B890016BFF6 /* YSUserModel.m */; };
		3949E27B1D1A3D9E0016BFF6 /* CodeAndFileViewController.m in Sources */ = {isa = PBXBuildFile; fileRef = 3949E27A1D1A3D9E0016BFF6 /* CodeAndFileViewController.m */; };
		394FF77D1D34CA1300B80D24 /* deleteBtnImage.png in Resources */ = {isa = PBXBuildFile; fileRef = 394FF77C1D34CA1300B80D24 /* deleteBtnImage.png */; };
		394FF77F1D34DBAF00B80D24 /* editBtn.png in Resources */ = {isa = PBXBuildFile; fileRef = 394FF77E1D34DBAF00B80D24 /* editBtn.png */; };
		395E69591D128BE900CBDFE0 /* btn1.png in Resources */ = {isa = PBXBuildFile; fileRef = 395E69581D128BE900CBDFE0 /* btn1.png */; };
		398594461D13CD0000863A14 /* SixGestureViewController.m in Sources */ = {isa = PBXBuildFile; fileRef = 398594451D13CD0000863A14 /* SixGestureViewController.m */; };
		398594491D13CE8B00863A14 /* YSCustemGesureRecognizer.m in Sources */ = {isa = PBXBuildFile; fileRef = 398594481D13CE8B00863A14 /* YSCustemGesureRecognizer.m */; };
		3985944E1D13F0B800863A14 /* SevenAppleLocationViewController.m in Sources */ = {isa = PBXBuildFile; fileRef = 3985944D1D13F0B800863A14 /* SevenAppleLocationViewController.m */; };
		398594511D13F0D900863A14 /* SevenBaiduViewController.m in Sources */ = {isa = PBXBuildFile; fileRef = 398594501D13F0D900863A14 /* SevenBaiduViewController.m */; };
		398594541D13F11900863A14 /* SevenGaoDeViewController.m in Sources */ = {isa = PBXBuildFile; fileRef = 398594531D13F11900863A14 /* SevenGaoDeViewController.m */; };
		39B218B41D1911BE008DD042 /* TwoDocumentViewController.m in Sources */ = {isa = PBXBuildFile; fileRef = 39B218B31D1911BE008DD042 /* TwoDocumentViewController.m */; };
		39B218B71D19126C008DD042 /* docImage.png in Resources */ = {isa = PBXBuildFile; fileRef = 39B218B61D19126C008DD042 /* docImage.png */; };
		39B218BA1D19175E008DD042 /* homeDirectiory.plist in Resources */ = {isa = PBXBuildFile; fileRef = 39B218B91D19175E008DD042 /* homeDirectiory.plist */; };
		39B218BD1D191DC4008DD042 /* docModel.m in Sources */ = {isa = PBXBuildFile; fileRef = 39B218BC1D191DC4008DD042 /* docModel.m */; };
		39B218C11D1920C4008DD042 /* NSObject+RNSwizzle.m in Sources */ = {isa = PBXBuildFile; fileRef = 39B218C01D1920C4008DD042 /* NSObject+RNSwizzle.m */; };
		39B218C51D19211F008DD042 /* NSString+BreakLine.m in Sources */ = {isa = PBXBuildFile; fileRef = 39B218C41D19211F008DD042 /* NSString+BreakLine.m */; };
		39B218CA1D192794008DD042 /* TwoDocumentTableViewCell.m in Sources */ = {isa = PBXBuildFile; fileRef = 39B218C81D192794008DD042 /* TwoDocumentTableViewCell.m */; };
		39B218CB1D192794008DD042 /* TwoDocumentTableViewCell.xib in Resources */ = {isa = PBXBuildFile; fileRef = 39B218C91D192794008DD042 /* TwoDocumentTableViewCell.xib */; };
		39C6219F1D0EABDF00A34040 /* CollectionTestModel.m in Sources */ = {isa = PBXBuildFile; fileRef = 39C6219E1D0EABDF00A34040 /* CollectionTestModel.m */; };
		50D75D14D975D3AE20792831 /* libPods-YS_iOS_Other.a in Frameworks */ = {isa = PBXBuildFile; fileRef = 9AD2527BB6BD7D815F0CCF07 /* libPods-YS_iOS_Other.a */; };
/* End PBXBuildFile section */

/* Begin PBXContainerItemProxy section */
		39214A261D05203B0019422D /* PBXContainerItemProxy */ = {
			isa = PBXContainerItemProxy;
			containerPortal = 39214A041D05203B0019422D /* Project object */;
			proxyType = 1;
			remoteGlobalIDString = 39214A0B1D05203B0019422D;
			remoteInfo = YS_iOS_Other;
		};
		39214A311D05203B0019422D /* PBXContainerItemProxy */ = {
			isa = PBXContainerItemProxy;
			containerPortal = 39214A041D05203B0019422D /* Project object */;
			proxyType = 1;
			remoteGlobalIDString = 39214A0B1D05203B0019422D;
			remoteInfo = YS_iOS_Other;
		};
/* End PBXContainerItemProxy section */

/* Begin PBXFileReference section */
		2091E4EB0EA5E6D414D65CEA /* Pods-YS_iOS_Other.debug.xcconfig */ = {isa = PBXFileReference; includeInIndex = 1; lastKnownFileType = text.xcconfig; name = "Pods-YS_iOS_Other.debug.xcconfig"; path = "Pods/Target Support Files/Pods-YS_iOS_Other/Pods-YS_iOS_Other.debug.xcconfig"; sourceTree = "<group>"; };
		39214A0C1D05203B0019422D /* YS_iOS_Other.app */ = {isa = PBXFileReference; explicitFileType = wrapper.application; includeInIndex = 0; path = YS_iOS_Other.app; sourceTree = BUILT_PRODUCTS_DIR; };
		39214A101D05203B0019422D /* main.m */ = {isa = PBXFileReference; lastKnownFileType = sourcecode.c.objc; path = main.m; sourceTree = "<group>"; };
		39214A121D05203B0019422D /* AppDelegate.h */ = {isa = PBXFileReference; lastKnownFileType = sourcecode.c.h; name = AppDelegate.h; path = ../AppDelegate.h; sourceTree = "<group>"; };
		39214A131D05203B0019422D /* AppDelegate.m */ = {isa = PBXFileReference; lastKnownFileType = sourcecode.c.objc; name = AppDelegate.m; path = ../AppDelegate.m; sourceTree = "<group>"; };
		39214A191D05203B0019422D /* Base */ = {isa = PBXFileReference; lastKnownFileType = file.storyboard; name = Base; path = Base.lproj/Main.storyboard; sourceTree = "<group>"; };
		39214A1B1D05203B0019422D /* Assets.xcassets */ = {isa = PBXFileReference; lastKnownFileType = folder.assetcatalog; path = Assets.xcassets; sourceTree = "<group>"; };
		39214A1E1D05203B0019422D /* Base */ = {isa = PBXFileReference; lastKnownFileType = file.storyboard; name = Base; path = Base.lproj/LaunchScreen.storyboard; sourceTree = "<group>"; };
		39214A201D05203B0019422D /* Info.plist */ = {isa = PBXFileReference; lastKnownFileType = text.plist.xml; path = Info.plist; sourceTree = "<group>"; };
		39214A251D05203B0019422D /* YS_iOS_OtherTests.xctest */ = {isa = PBXFileReference; explicitFileType = wrapper.cfbundle; includeInIndex = 0; path = YS_iOS_OtherTests.xctest; sourceTree = BUILT_PRODUCTS_DIR; };
		39214A291D05203B0019422D /* YS_iOS_OtherTests.m */ = {isa = PBXFileReference; lastKnownFileType = sourcecode.c.objc; path = YS_iOS_OtherTests.m; sourceTree = "<group>"; };
		39214A2B1D05203B0019422D /* Info.plist */ = {isa = PBXFileReference; lastKnownFileType = text.plist.xml; path = Info.plist; sourceTree = "<group>"; };
		39214A301D05203B0019422D /* YS_iOS_OtherUITests.xctest */ = {isa = PBXFileReference; explicitFileType = wrapper.cfbundle; includeInIndex = 0; path = YS_iOS_OtherUITests.xctest; sourceTree = BUILT_PRODUCTS_DIR; };
		39214A341D05203B0019422D /* YS_iOS_OtherUITests.m */ = {isa = PBXFileReference; lastKnownFileType = sourcecode.c.objc; path = YS_iOS_OtherUITests.m; sourceTree = "<group>"; };
		39214A361D05203B0019422D /* Info.plist */ = {isa = PBXFileReference; lastKnownFileType = text.plist.xml; path = Info.plist; sourceTree = "<group>"; };
		39214A6A1D056A600019422D /* 1.jpg */ = {isa = PBXFileReference; lastKnownFileType = image.jpeg; path = 1.jpg; sourceTree = "<group>"; };
		39214A6B1D056A600019422D /* 10.jpg */ = {isa = PBXFileReference; lastKnownFileType = image.jpeg; path = 10.jpg; sourceTree = "<group>"; };
		39214A6C1D056A600019422D /* 11.jpg */ = {isa = PBXFileReference; lastKnownFileType = image.jpeg; path = 11.jpg; sourceTree = "<group>"; };
		39214A6D1D056A600019422D /* 12.jpg */ = {isa = PBXFileReference; lastKnownFileType = image.jpeg; path = 12.jpg; sourceTree = "<group>"; };
		39214A6E1D056A600019422D /* 2.jpg */ = {isa = PBXFileReference; lastKnownFileType = image.jpeg; path = 2.jpg; sourceTree = "<group>"; };
		39214A6F1D056A600019422D /* 3.jpg */ = {isa = PBXFileReference; lastKnownFileType = image.jpeg; path = 3.jpg; sourceTree = "<group>"; };
		39214A701D056A600019422D /* 4.jpg */ = {isa = PBXFileReference; lastKnownFileType = image.jpeg; path = 4.jpg; sourceTree = "<group>"; };
		39214A711D056A600019422D /* 5.jpg */ = {isa = PBXFileReference; lastKnownFileType = image.jpeg; path = 5.jpg; sourceTree = "<group>"; };
		39214A721D056A600019422D /* 6.jpg */ = {isa = PBXFileReference; lastKnownFileType = image.jpeg; path = 6.jpg; sourceTree = "<group>"; };
		39214A731D056A600019422D /* 7.jpg */ = {isa = PBXFileReference; lastKnownFileType = image.jpeg; path = 7.jpg; sourceTree = "<group>"; };
		39214A741D056A600019422D /* 8.jpg */ = {isa = PBXFileReference; lastKnownFileType = image.jpeg; path = 8.jpg; sourceTree = "<group>"; };
		39214A751D056A600019422D /* 9.jpg */ = {isa = PBXFileReference; lastKnownFileType = image.jpeg; path = 9.jpg; sourceTree = "<group>"; };
		392621911D2363DA00CF4C90 /* JianShuNavAnimationViewController.h */ = {isa = PBXFileReference; fileEncoding = 4; lastKnownFileType = sourcecode.c.h; path = JianShuNavAnimationViewController.h; sourceTree = "<group>"; };
		392621921D2363DA00CF4C90 /* JianShuNavAnimationViewController.m */ = {isa = PBXFileReference; fileEncoding = 4; lastKnownFileType = sourcecode.c.objc; path = JianShuNavAnimationViewController.m; sourceTree = "<group>"; };
		392621951D2365D700CF4C90 /* UIColor+Image.h */ = {isa = PBXFileReference; fileEncoding = 4; lastKnownFileType = sourcecode.c.h; path = "UIColor+Image.h"; sourceTree = "<group>"; };
		392621961D2365D700CF4C90 /* UIColor+Image.m */ = {isa = PBXFileReference; fileEncoding = 4; lastKnownFileType = sourcecode.c.objc; path = "UIColor+Image.m"; sourceTree = "<group>"; };
		392621981D239F0400CF4C90 /* NavHideViewController.h */ = {isa = PBXFileReference; fileEncoding = 4; lastKnownFileType = sourcecode.c.h; path = NavHideViewController.h; sourceTree = "<group>"; };
		392621991D239F0400CF4C90 /* NavHideViewController.m */ = {isa = PBXFileReference; fileEncoding = 4; lastKnownFileType = sourcecode.c.objc; path = NavHideViewController.m; sourceTree = "<group>"; };
		3926219B1D23B19100CF4C90 /* NavHeadViewViewController.h */ = {isa = PBXFileReference; fileEncoding = 4; lastKnownFileType = sourcecode.c.h; path = NavHeadViewViewController.h; sourceTree = "<group>"; };
		3926219C1D23B19100CF4C90 /* NavHeadViewViewController.m */ = {isa = PBXFileReference; fileEncoding = 4; lastKnownFileType = sourcecode.c.objc; path = NavHeadViewViewController.m; sourceTree = "<group>"; };
		39399A0D1D24B57100409871 /* YSFileManager.h */ = {isa = PBXFileReference; fileEncoding = 4; lastKnownFileType = sourcecode.c.h; path = YSFileManager.h; sourceTree = "<group>"; };
		39399A0E1D24B57100409871 /* YSFileManager.m */ = {isa = PBXFileReference; fileEncoding = 4; lastKnownFileType = sourcecode.c.objc; path = YSFileManager.m; sourceTree = "<group>"; };
		39399A101D24B97400409871 /* trash.png */ = {isa = PBXFileReference; lastKnownFileType = image.png; path = trash.png; sourceTree = "<group>"; };
		39399A171D24BB5700409871 /* YSHistoryView.h */ = {isa = PBXFileReference; fileEncoding = 4; lastKnownFileType = sourcecode.c.h; path = YSHistoryView.h; sourceTree = "<group>"; };
		39399A181D24BB5700409871 /* YSHistoryView.m */ = {isa = PBXFileReference; fileEncoding = 4; lastKnownFileType = sourcecode.c.objc; path = YSHistoryView.m; sourceTree = "<group>"; };
		393E98C81D3F10A800D10561 /* GlobalString.h */ = {isa = PBXFileReference; fileEncoding = 4; lastKnownFileType = sourcecode.c.h; name = GlobalString.h; path = HeaderFile/GlobalString.h; sourceTree = "<group>"; };
		393E98C91D3F10A800D10561 /* YSLogControl.h */ = {isa = PBXFileReference; fileEncoding = 4; lastKnownFileType = sourcecode.c.h; name = YSLogControl.h; path = HeaderFile/YSLogControl.h; sourceTree = "<group>"; };
		393E98CE1D3F1A2700D10561 /* IntroduceFile.h */ = {isa = PBXFileReference; fileEncoding = 4; lastKnownFileType = sourcecode.c.h; name = IntroduceFile.h; path = HeaderFile/IntroduceFile.h; sourceTree = "<group>"; };
		393E98CF1D3F1A4D00D10561 /* YSSetting.pch */ = {isa = PBXFileReference; fileEncoding = 4; lastKnownFileType = sourcecode.c.h; name = YSSetting.pch; path = HeaderFile/YSSetting.pch; sourceTree = "<group>"; };
		3945944C1D3875A70017F4A3 /* YSRootViewController.h */ = {isa = PBXFileReference; fileEncoding = 4; lastKnownFileType = sourcecode.c.h; path = YSRootViewController.h; sourceTree = "<group>"; };
		3945944D1D3875A70017F4A3 /* YSRootViewController.m */ = {isa = PBXFileReference; fileEncoding = 4; lastKnownFileType = sourcecode.c.objc; path = YSRootViewController.m; sourceTree = "<group>"; };
		3945944E1D3875A70017F4A3 /* YSTabBarController.h */ = {isa = PBXFileReference; fileEncoding = 4; lastKnownFileType = sourcecode.c.h; path = YSTabBarController.h; sourceTree = "<group>"; };
		3945944F1D3875A70017F4A3 /* YSTabBarController.m */ = {isa = PBXFileReference; fileEncoding = 4; lastKnownFileType = sourcecode.c.objc; path = YSTabBarController.m; sourceTree = "<group>"; };
		394594521D3875DF0017F4A3 /* YSSaveDataViewController.h */ = {isa = PBXFileReference; fileEncoding = 4; lastKnownFileType = sourcecode.c.h; path = YSSaveDataViewController.h; sourceTree = "<group>"; };
		394594531D3875DF0017F4A3 /* YSSaveDataViewController.m */ = {isa = PBXFileReference; fileEncoding = 4; lastKnownFileType = sourcecode.c.objc; path = YSSaveDataViewController.m; sourceTree = "<group>"; };
		394594591D38777F0017F4A3 /* YSLanguageViewController.h */ = {isa = PBXFileReference; fileEncoding = 4; lastKnownFileType = sourcecode.c.h; name = YSLanguageViewController.h; path = SectionTwo/YSLanguageViewController.h; sourceTree = "<group>"; };
		3945945A1D38777F0017F4A3 /* YSLanguageViewController.m */ = {isa = PBXFileReference; fileEncoding = 4; lastKnownFileType = sourcecode.c.objc; name = YSLanguageViewController.m; path = SectionTwo/YSLanguageViewController.m; sourceTree = "<group>"; };
		3945945F1D3877AE0017F4A3 /* YSWebViewController.h */ = {isa = PBXFileReference; fileEncoding = 4; lastKnownFileType = sourcecode.c.h; name = YSWebViewController.h; path = YSWeb/YSWebViewController.h; sourceTree = "<group>"; };
		394594601D3877AE0017F4A3 /* YSWebViewController.m */ = {isa = PBXFileReference; fileEncoding = 4; lastKnownFileType = sourcecode.c.objc; name = YSWebViewController.m; path = YSWeb/YSWebViewController.m; sourceTree = "<group>"; };
		3945948A1D38785D0017F4A3 /* ViewController.h */ = {isa = PBXFileReference; fileEncoding = 4; lastKnownFileType = sourcecode.c.h; name = ViewController.h; path = YSUI/ViewController.h; sourceTree = "<group>"; };
		3945948B1D38785D0017F4A3 /* ViewController.m */ = {isa = PBXFileReference; fileEncoding = 4; lastKnownFileType = sourcecode.c.objc; name = ViewController.m; path = YSUI/ViewController.m; sourceTree = "<group>"; };
		3945948D1D3878740017F4A3 /* OnePickerViewController.h */ = {isa = PBXFileReference; fileEncoding = 4; lastKnownFileType = sourcecode.c.h; name = OnePickerViewController.h; path = YSUI/OnePickerViewController.h; sourceTree = "<group>"; };
		3945948E1D3878740017F4A3 /* OnePickerViewController.m */ = {isa = PBXFileReference; fileEncoding = 4; lastKnownFileType = sourcecode.c.objc; name = OnePickerViewController.m; path = YSUI/OnePickerViewController.m; sourceTree = "<group>"; };
		394594901D3878850017F4A3 /* OneCollectionCollectionViewCell.h */ = {isa = PBXFileReference; fileEncoding = 4; lastKnownFileType = sourcecode.c.h; name = OneCollectionCollectionViewCell.h; path = YSUI/OneCollectionCollectionViewCell.h; sourceTree = "<group>"; };
		394594911D3878850017F4A3 /* OneCollectionCollectionViewCell.m */ = {isa = PBXFileReference; fileEncoding = 4; lastKnownFileType = sourcecode.c.objc; name = OneCollectionCollectionViewCell.m; path = YSUI/OneCollectionCollectionViewCell.m; sourceTree = "<group>"; };
		394594921D3878850017F4A3 /* OneCollectionReusableView.h */ = {isa = PBXFileReference; fileEncoding = 4; lastKnownFileType = sourcecode.c.h; name = OneCollectionReusableView.h; path = YSUI/OneCollectionReusableView.h; sourceTree = "<group>"; };
		394594931D3878850017F4A3 /* OneCollectionReusableView.m */ = {isa = PBXFileReference; fileEncoding = 4; lastKnownFileType = sourcecode.c.objc; name = OneCollectionReusableView.m; path = YSUI/OneCollectionReusableView.m; sourceTree = "<group>"; };
		394594941D3878850017F4A3 /* OneCollectionViewController.h */ = {isa = PBXFileReference; fileEncoding = 4; lastKnownFileType = sourcecode.c.h; name = OneCollectionViewController.h; path = YSUI/OneCollectionViewController.h; sourceTree = "<group>"; };
		394594951D3878850017F4A3 /* OneCollectionViewController.m */ = {isa = PBXFileReference; fileEncoding = 4; lastKnownFileType = sourcecode.c.objc; name = OneCollectionViewController.m; path = YSUI/OneCollectionViewController.m; sourceTree = "<group>"; };
		394594991D3878950017F4A3 /* OneHorizontalTableViewCell.h */ = {isa = PBXFileReference; fileEncoding = 4; lastKnownFileType = sourcecode.c.h; name = OneHorizontalTableViewCell.h; path = YSUI/OneHorizontalTableViewCell.h; sourceTree = "<group>"; };
		3945949A1D3878950017F4A3 /* OneHorizontalTableViewCell.m */ = {isa = PBXFileReference; fileEncoding = 4; lastKnownFileType = sourcecode.c.objc; name = OneHorizontalTableViewCell.m; path = YSUI/OneHorizontalTableViewCell.m; sourceTree = "<group>"; };
		3945949B1D3878950017F4A3 /* OneHorizontalTableViewController.h */ = {isa = PBXFileReference; fileEncoding = 4; lastKnownFileType = sourcecode.c.h; name = OneHorizontalTableViewController.h; path = YSUI/OneHorizontalTableViewController.h; sourceTree = "<group>"; };
		3945949C1D3878950017F4A3 /* OneHorizontalTableViewController.m */ = {isa = PBXFileReference; fileEncoding = 4; lastKnownFileType = sourcecode.c.objc; name = OneHorizontalTableViewController.m; path = YSUI/OneHorizontalTableViewController.m; sourceTree = "<group>"; };
		3945949F1D3878A50017F4A3 /* OneSearchController.h */ = {isa = PBXFileReference; fileEncoding = 4; lastKnownFileType = sourcecode.c.h; name = OneSearchController.h; path = YSUI/OneSearchController.h; sourceTree = "<group>"; };
		394594A01D3878A50017F4A3 /* OneSearchController.m */ = {isa = PBXFileReference; fileEncoding = 4; lastKnownFileType = sourcecode.c.objc; name = OneSearchController.m; path = YSUI/OneSearchController.m; sourceTree = "<group>"; };
		394594A11D3878A50017F4A3 /* OneSearchDisplayController.h */ = {isa = PBXFileReference; fileEncoding = 4; lastKnownFileType = sourcecode.c.h; name = OneSearchDisplayController.h; path = YSUI/OneSearchDisplayController.h; sourceTree = "<group>"; };
		394594A21D3878A50017F4A3 /* OneSearchDisplayController.m */ = {isa = PBXFileReference; fileEncoding = 4; lastKnownFileType = sourcecode.c.objc; name = OneSearchDisplayController.m; path = YSUI/OneSearchDisplayController.m; sourceTree = "<group>"; };
		394594A31D3878A50017F4A3 /* SearchResultViewController.h */ = {isa = PBXFileReference; fileEncoding = 4; lastKnownFileType = sourcecode.c.h; name = SearchResultViewController.h; path = YSUI/SearchResultViewController.h; sourceTree = "<group>"; };
		394594A41D3878A50017F4A3 /* SearchResultViewController.m */ = {isa = PBXFileReference; fileEncoding = 4; lastKnownFileType = sourcecode.c.objc; name = SearchResultViewController.m; path = YSUI/SearchResultViewController.m; sourceTree = "<group>"; };
		394594A81D3878B40017F4A3 /* YSSearchBarView.h */ = {isa = PBXFileReference; fileEncoding = 4; lastKnownFileType = sourcecode.c.h; name = YSSearchBarView.h; path = YSUI/YSSearchBarView.h; sourceTree = "<group>"; };
		394594A91D3878B40017F4A3 /* YSSearchBarView.m */ = {isa = PBXFileReference; fileEncoding = 4; lastKnownFileType = sourcecode.c.objc; name = YSSearchBarView.m; path = YSUI/YSSearchBarView.m; sourceTree = "<group>"; };
		394594AB1D3878C20017F4A3 /* CustemSearchViewController.h */ = {isa = PBXFileReference; fileEncoding = 4; lastKnownFileType = sourcecode.c.h; name = CustemSearchViewController.h; path = YSUI/CustemSearchViewController.h; sourceTree = "<group>"; };
		394594AC1D3878C20017F4A3 /* CustemSearchViewController.m */ = {isa = PBXFileReference; fileEncoding = 4; lastKnownFileType = sourcecode.c.objc; name = CustemSearchViewController.m; path = YSUI/CustemSearchViewController.m; sourceTree = "<group>"; };
		394594AE1D3878D20017F4A3 /* ApplicationSettingViewController.h */ = {isa = PBXFileReference; fileEncoding = 4; lastKnownFileType = sourcecode.c.h; name = ApplicationSettingViewController.h; path = YSUI/ApplicationSettingViewController.h; sourceTree = "<group>"; };
		394594AF1D3878D20017F4A3 /* ApplicationSettingViewController.m */ = {isa = PBXFileReference; fileEncoding = 4; lastKnownFileType = sourcecode.c.objc; name = ApplicationSettingViewController.m; path = YSUI/ApplicationSettingViewController.m; sourceTree = "<group>"; };
		394594B11D3879200017F4A3 /* YSHarewareViewController.h */ = {isa = PBXFileReference; fileEncoding = 4; lastKnownFileType = sourcecode.c.h; name = YSHarewareViewController.h; path = YSHareware/YSHarewareViewController.h; sourceTree = "<group>"; };
		394594B21D3879200017F4A3 /* YSHarewareViewController.m */ = {isa = PBXFileReference; fileEncoding = 4; lastKnownFileType = sourcecode.c.objc; name = YSHarewareViewController.m; path = YSHareware/YSHarewareViewController.m; sourceTree = "<group>"; };
		394594B41D38792F0017F4A3 /* YSOtherViewController.h */ = {isa = PBXFileReference; fileEncoding = 4; lastKnownFileType = sourcecode.c.h; path = YSOtherViewController.h; sourceTree = "<group>"; };
		394594B51D38792F0017F4A3 /* YSOtherViewController.m */ = {isa = PBXFileReference; fileEncoding = 4; lastKnownFileType = sourcecode.c.objc; path = YSOtherViewController.m; sourceTree = "<group>"; };
		394594B81D387E310017F4A3 /* hareware.png */ = {isa = PBXFileReference; lastKnownFileType = image.png; path = hareware.png; sourceTree = "<group>"; };
		394594B91D387E310017F4A3 /* language.png */ = {isa = PBXFileReference; lastKnownFileType = image.png; path = language.png; sourceTree = "<group>"; };
		394594BA1D387E310017F4A3 /* other.png */ = {isa = PBXFileReference; lastKnownFileType = image.png; path = other.png; sourceTree = "<group>"; };
		394594BB1D387E310017F4A3 /* savedata.png */ = {isa = PBXFileReference; lastKnownFileType = image.png; path = savedata.png; sourceTree = "<group>"; };
		394594BC1D387E310017F4A3 /* ui.png */ = {isa = PBXFileReference; lastKnownFileType = image.png; path = ui.png; sourceTree = "<group>"; };
		394594BD1D387E310017F4A3 /* web.png */ = {isa = PBXFileReference; lastKnownFileType = image.png; path = web.png; sourceTree = "<group>"; };
		3949E26E1D1A2DA30016BFF6 /* YSUserDefaults.h */ = {isa = PBXFileReference; fileEncoding = 4; lastKnownFileType = sourcecode.c.h; path = YSUserDefaults.h; sourceTree = "<group>"; };
		3949E26F1D1A2DA30016BFF6 /* YSUserDefaults.m */ = {isa = PBXFileReference; fileEncoding = 4; lastKnownFileType = sourcecode.c.objc; path = YSUserDefaults.m; sourceTree = "<group>"; };
		3949E2721D1A327D0016BFF6 /* YSDefaultsViewController.h */ = {isa = PBXFileReference; fileEncoding = 4; lastKnownFileType = sourcecode.c.h; path = YSDefaultsViewController.h; sourceTree = "<group>"; };
		3949E2731D1A327D0016BFF6 /* YSDefaultsViewController.m */ = {isa = PBXFileReference; fileEncoding = 4; lastKnownFileType = sourcecode.c.objc; path = YSDefaultsViewController.m; sourceTree = "<group>"; };
		3949E2751D1A3B890016BFF6 /* YSUserModel.h */ = {isa = PBXFileReference; fileEncoding = 4; lastKnownFileType = sourcecode.c.h; name = YSUserModel.h; path = YS_iOS_Other/YSViewControllers/SectionTwo/YSUserModel.h; sourceTree = SOURCE_ROOT; };
		3949E2761D1A3B890016BFF6 /* YSUserModel.m */ = {isa = PBXFileReference; fileEncoding = 4; lastKnownFileType = sourcecode.c.objc; name = YSUserModel.m; path = YS_iOS_Other/YSViewControllers/SectionTwo/YSUserModel.m; sourceTree = SOURCE_ROOT; };
		3949E2791D1A3D9E0016BFF6 /* CodeAndFileViewController.h */ = {isa = PBXFileReference; fileEncoding = 4; lastKnownFileType = sourcecode.c.h; path = CodeAndFileViewController.h; sourceTree = "<group>"; };
		3949E27A1D1A3D9E0016BFF6 /* CodeAndFileViewController.m */ = {isa = PBXFileReference; fileEncoding = 4; lastKnownFileType = sourcecode.c.objc; path = CodeAndFileViewController.m; sourceTree = "<group>"; };
		394FF77C1D34CA1300B80D24 /* deleteBtnImage.png */ = {isa = PBXFileReference; lastKnownFileType = image.png; path = deleteBtnImage.png; sourceTree = "<group>"; };
		394FF77E1D34DBAF00B80D24 /* editBtn.png */ = {isa = PBXFileReference; lastKnownFileType = image.png; path = editBtn.png; sourceTree = "<group>"; };
		395E69581D128BE900CBDFE0 /* btn1.png */ = {isa = PBXFileReference; lastKnownFileType = image.png; name = btn1.png; path = Image/btn1.png; sourceTree = "<group>"; };
		398594441D13CD0000863A14 /* SixGestureViewController.h */ = {isa = PBXFileReference; fileEncoding = 4; lastKnownFileType = sourcecode.c.h; path = SixGestureViewController.h; sourceTree = "<group>"; };
		398594451D13CD0000863A14 /* SixGestureViewController.m */ = {isa = PBXFileReference; fileEncoding = 4; lastKnownFileType = sourcecode.c.objc; path = SixGestureViewController.m; sourceTree = "<group>"; };
		398594471D13CE8B00863A14 /* YSCustemGesureRecognizer.h */ = {isa = PBXFileReference; fileEncoding = 4; lastKnownFileType = sourcecode.c.h; path = YSCustemGesureRecognizer.h; sourceTree = "<group>"; };
		398594481D13CE8B00863A14 /* YSCustemGesureRecognizer.m */ = {isa = PBXFileReference; fileEncoding = 4; lastKnownFileType = sourcecode.c.objc; path = YSCustemGesureRecognizer.m; sourceTree = "<group>"; };
		3985944C1D13F0B800863A14 /* SevenAppleLocationViewController.h */ = {isa = PBXFileReference; fileEncoding = 4; lastKnownFileType = sourcecode.c.h; path = SevenAppleLocationViewController.h; sourceTree = "<group>"; };
		3985944D1D13F0B800863A14 /* SevenAppleLocationViewController.m */ = {isa = PBXFileReference; fileEncoding = 4; lastKnownFileType = sourcecode.c.objc; path = SevenAppleLocationViewController.m; sourceTree = "<group>"; };
		3985944F1D13F0D900863A14 /* SevenBaiduViewController.h */ = {isa = PBXFileReference; fileEncoding = 4; lastKnownFileType = sourcecode.c.h; path = SevenBaiduViewController.h; sourceTree = "<group>"; };
		398594501D13F0D900863A14 /* SevenBaiduViewController.m */ = {isa = PBXFileReference; fileEncoding = 4; lastKnownFileType = sourcecode.c.objc; path = SevenBaiduViewController.m; sourceTree = "<group>"; };
		398594521D13F11900863A14 /* SevenGaoDeViewController.h */ = {isa = PBXFileReference; fileEncoding = 4; lastKnownFileType = sourcecode.c.h; path = SevenGaoDeViewController.h; sourceTree = "<group>"; };
		398594531D13F11900863A14 /* SevenGaoDeViewController.m */ = {isa = PBXFileReference; fileEncoding = 4; lastKnownFileType = sourcecode.c.objc; path = SevenGaoDeViewController.m; sourceTree = "<group>"; };
		39B218B21D1911BE008DD042 /* TwoDocumentViewController.h */ = {isa = PBXFileReference; fileEncoding = 4; lastKnownFileType = sourcecode.c.h; path = TwoDocumentViewController.h; sourceTree = "<group>"; };
		39B218B31D1911BE008DD042 /* TwoDocumentViewController.m */ = {isa = PBXFileReference; fileEncoding = 4; lastKnownFileType = sourcecode.c.objc; path = TwoDocumentViewController.m; sourceTree = "<group>"; };
		39B218B61D19126C008DD042 /* docImage.png */ = {isa = PBXFileReference; lastKnownFileType = image.png; path = docImage.png; sourceTree = "<group>"; };
		39B218B91D19175E008DD042 /* homeDirectiory.plist */ = {isa = PBXFileReference; fileEncoding = 4; lastKnownFileType = text.plist.xml; path = homeDirectiory.plist; sourceTree = "<group>"; };
		39B218BB1D191DC4008DD042 /* docModel.h */ = {isa = PBXFileReference; fileEncoding = 4; lastKnownFileType = sourcecode.c.h; name = docModel.h; path = YS_iOS_Other/Models/docModel.h; sourceTree = SOURCE_ROOT; };
		39B218BC1D191DC4008DD042 /* docModel.m */ = {isa = PBXFileReference; fileEncoding = 4; lastKnownFileType = sourcecode.c.objc; name = docModel.m; path = YS_iOS_Other/Models/docModel.m; sourceTree = SOURCE_ROOT; };
		39B218BF1D1920C4008DD042 /* NSObject+RNSwizzle.h */ = {isa = PBXFileReference; fileEncoding = 4; lastKnownFileType = sourcecode.c.h; path = "NSObject+RNSwizzle.h"; sourceTree = "<group>"; };
		39B218C01D1920C4008DD042 /* NSObject+RNSwizzle.m */ = {isa = PBXFileReference; fileEncoding = 4; lastKnownFileType = sourcecode.c.objc; path = "NSObject+RNSwizzle.m"; sourceTree = "<group>"; };
		39B218C31D19211F008DD042 /* NSString+BreakLine.h */ = {isa = PBXFileReference; fileEncoding = 4; lastKnownFileType = sourcecode.c.h; path = "NSString+BreakLine.h"; sourceTree = "<group>"; };
		39B218C41D19211F008DD042 /* NSString+BreakLine.m */ = {isa = PBXFileReference; fileEncoding = 4; lastKnownFileType = sourcecode.c.objc; path = "NSString+BreakLine.m"; sourceTree = "<group>"; };
		39B218C71D192794008DD042 /* TwoDocumentTableViewCell.h */ = {isa = PBXFileReference; fileEncoding = 4; lastKnownFileType = sourcecode.c.h; path = TwoDocumentTableViewCell.h; sourceTree = "<group>"; };
		39B218C81D192794008DD042 /* TwoDocumentTableViewCell.m */ = {isa = PBXFileReference; fileEncoding = 4; lastKnownFileType = sourcecode.c.objc; path = TwoDocumentTableViewCell.m; sourceTree = "<group>"; };
		39B218C91D192794008DD042 /* TwoDocumentTableViewCell.xib */ = {isa = PBXFileReference; fileEncoding = 4; lastKnownFileType = file.xib; path = TwoDocumentTableViewCell.xib; sourceTree = "<group>"; };
		39C6219D1D0EABDF00A34040 /* CollectionTestModel.h */ = {isa = PBXFileReference; fileEncoding = 4; lastKnownFileType = sourcecode.c.h; name = CollectionTestModel.h; path = YS_iOS_Other/Models/CollectionTestModel.h; sourceTree = SOURCE_ROOT; };
		39C6219E1D0EABDF00A34040 /* CollectionTestModel.m */ = {isa = PBXFileReference; fileEncoding = 4; lastKnownFileType = sourcecode.c.objc; name = CollectionTestModel.m; path = YS_iOS_Other/Models/CollectionTestModel.m; sourceTree = SOURCE_ROOT; };
		63927F4C004D73FD33E1F045 /* Pods-YS_iOS_Other.release.xcconfig */ = {isa = PBXFileReference; includeInIndex = 1; lastKnownFileType = text.xcconfig; name = "Pods-YS_iOS_Other.release.xcconfig"; path = "Pods/Target Support Files/Pods-YS_iOS_Other/Pods-YS_iOS_Other.release.xcconfig"; sourceTree = "<group>"; };
		9AD2527BB6BD7D815F0CCF07 /* libPods-YS_iOS_Other.a */ = {isa = PBXFileReference; explicitFileType = archive.ar; includeInIndex = 0; path = "libPods-YS_iOS_Other.a"; sourceTree = BUILT_PRODUCTS_DIR; };
/* End PBXFileReference section */

/* Begin PBXFrameworksBuildPhase section */
		39214A091D05203B0019422D /* Frameworks */ = {
			isa = PBXFrameworksBuildPhase;
			buildActionMask = 2147483647;
			files = (
				50D75D14D975D3AE20792831 /* libPods-YS_iOS_Other.a in Frameworks */,
			);
			runOnlyForDeploymentPostprocessing = 0;
		};
		39214A221D05203B0019422D /* Frameworks */ = {
			isa = PBXFrameworksBuildPhase;
			buildActionMask = 2147483647;
			files = (
			);
			runOnlyForDeploymentPostprocessing = 0;
		};
		39214A2D1D05203B0019422D /* Frameworks */ = {
			isa = PBXFrameworksBuildPhase;
			buildActionMask = 2147483647;
			files = (
			);
			runOnlyForDeploymentPostprocessing = 0;
		};
/* End PBXFrameworksBuildPhase section */

/* Begin PBXGroup section */
		39214A031D05203B0019422D = {
			isa = PBXGroup;
			children = (
				39214A0E1D05203B0019422D /* YS_iOS_Other */,
				39214A281D05203B0019422D /* YS_iOS_OtherTests */,
				39214A331D05203B0019422D /* YS_iOS_OtherUITests */,
				39214A0D1D05203B0019422D /* Products */,
				A956B4EE30D808CC2E6E07AB /* Pods */,
				D6C183E4E3E19DB390670CA7 /* Frameworks */,
			);
			sourceTree = "<group>";
		};
		39214A0D1D05203B0019422D /* Products */ = {
			isa = PBXGroup;
			children = (
				39214A0C1D05203B0019422D /* YS_iOS_Other.app */,
				39214A251D05203B0019422D /* YS_iOS_OtherTests.xctest */,
				39214A301D05203B0019422D /* YS_iOS_OtherUITests.xctest */,
			);
			name = Products;
			sourceTree = "<group>";
		};
		39214A0E1D05203B0019422D /* YS_iOS_Other */ = {
			isa = PBXGroup;
			children = (
				39399A121D24BA2300409871 /* CustemView */,
				3966393E1D1781C20069E0E8 /* Libs */,
				395E69531D1279E600CBDFE0 /* Categares */,
				39214A421D05449D0019422D /* YSViewControllers */,
				39214A0F1D05203B0019422D /* Supporting Files */,
			);
			path = YS_iOS_Other;
			sourceTree = "<group>";
		};
		39214A0F1D05203B0019422D /* Supporting Files */ = {
			isa = PBXGroup;
			children = (
				39B218B81D19172C008DD042 /* ysPlist */,
				398594571D13F41400863A14 /* Header File */,
				394FF77A1D34C9FC00B80D24 /* Images */,
				39214A181D05203B0019422D /* Main.storyboard */,
				39214A1B1D05203B0019422D /* Assets.xcassets */,
				39214A1D1D05203B0019422D /* LaunchScreen.storyboard */,
				39214A201D05203B0019422D /* Info.plist */,
				39214A101D05203B0019422D /* main.m */,
			);
			name = "Supporting Files";
			sourceTree = "<group>";
		};
		39214A281D05203B0019422D /* YS_iOS_OtherTests */ = {
			isa = PBXGroup;
			children = (
				39214A291D05203B0019422D /* YS_iOS_OtherTests.m */,
				39214A2B1D05203B0019422D /* Info.plist */,
			);
			path = YS_iOS_OtherTests;
			sourceTree = "<group>";
		};
		39214A331D05203B0019422D /* YS_iOS_OtherUITests */ = {
			isa = PBXGroup;
			children = (
				39214A341D05203B0019422D /* YS_iOS_OtherUITests.m */,
				39214A361D05203B0019422D /* Info.plist */,
			);
			path = YS_iOS_OtherUITests;
			sourceTree = "<group>";
		};
		39214A421D05449D0019422D /* YSViewControllers */ = {
			isa = PBXGroup;
			children = (
				39214A121D05203B0019422D /* AppDelegate.h */,
				39214A131D05203B0019422D /* AppDelegate.m */,
				39C6219C1D0EABA400A34040 /* Models */,
				3945944B1D3875A70017F4A3 /* GlobalCustemController */,
				39214A471D0548D90019422D /* YSUI */,
				39B218B11D1911A4008DD042 /* YSSaveData */,
				394594551D38762E0017F4A3 /* YSLanguage */,
				394594561D38766C0017F4A3 /* YSWeb */,
				394594581D3876AE0017F4A3 /* YSHareware */,
				394594571D38767B0017F4A3 /* YSOther */,
			);
			path = YSViewControllers;
			sourceTree = "<group>";
		};
		39214A471D0548D90019422D /* YSUI */ = {
			isa = PBXGroup;
			children = (
				3945948A1D38785D0017F4A3 /* ViewController.h */,
				3945948B1D38785D0017F4A3 /* ViewController.m */,
				39C621981D0E9A7500A34040 /* OnePicker */,
				39C621971D0E9A6600A34040 /* OneCollection */,
				396CCBCF1D0F93ED00C57543 /* OneHorizontalTableView */,
				395E694F1D12774300CBDFE0 /* OneSearchDisplayViewController */,
				39FEC0B91D1B73080036DAB3 /* CustemSearchBar */,
				39B218AD1D18E0BE008DD042 /* OneUIapplicationSeting */,
			);
			name = YSUI;
			sourceTree = "<group>";
		};
		39214A691D056A600019422D /* Image */ = {
			isa = PBXGroup;
			children = (
				39214A6A1D056A600019422D /* 1.jpg */,
				39214A6B1D056A600019422D /* 10.jpg */,
				39214A6C1D056A600019422D /* 11.jpg */,
				39214A6D1D056A600019422D /* 12.jpg */,
				39214A6E1D056A600019422D /* 2.jpg */,
				39214A6F1D056A600019422D /* 3.jpg */,
				39214A701D056A600019422D /* 4.jpg */,
				39214A711D056A600019422D /* 5.jpg */,
				39214A721D056A600019422D /* 6.jpg */,
				39214A731D056A600019422D /* 7.jpg */,
				39214A741D056A600019422D /* 8.jpg */,
				39214A751D056A600019422D /* 9.jpg */,
			);
			path = Image;
			sourceTree = "<group>";
		};
		392621901D2363A400CF4C90 /* SectionEleven */ = {
			isa = PBXGroup;
			children = (
				392621911D2363DA00CF4C90 /* JianShuNavAnimationViewController.h */,
				392621921D2363DA00CF4C90 /* JianShuNavAnimationViewController.m */,
				392621981D239F0400CF4C90 /* NavHideViewController.h */,
				392621991D239F0400CF4C90 /* NavHideViewController.m */,
				3926219B1D23B19100CF4C90 /* NavHeadViewViewController.h */,
				3926219C1D23B19100CF4C90 /* NavHeadViewViewController.m */,
			);
			path = SectionEleven;
			sourceTree = "<group>";
		};
		392621941D2365B400CF4C90 /* UIColor */ = {
			isa = PBXGroup;
			children = (
				392621951D2365D700CF4C90 /* UIColor+Image.h */,
				392621961D2365D700CF4C90 /* UIColor+Image.m */,
			);
			path = UIColor;
			sourceTree = "<group>";
		};
		39399A0C1D24B55000409871 /* YSFileManager */ = {
			isa = PBXGroup;
			children = (
				39399A0D1D24B57100409871 /* YSFileManager.h */,
				39399A0E1D24B57100409871 /* YSFileManager.m */,
			);
			path = YSFileManager;
			sourceTree = "<group>";
		};
		39399A121D24BA2300409871 /* CustemView */ = {
			isa = PBXGroup;
			children = (
				39399A131D24BA3C00409871 /* YSHistoryBtn */,
			);
			path = CustemView;
			sourceTree = "<group>";
		};
		39399A131D24BA3C00409871 /* YSHistoryBtn */ = {
			isa = PBXGroup;
			children = (
				39399A171D24BB5700409871 /* YSHistoryView.h */,
				39399A181D24BB5700409871 /* YSHistoryView.m */,
			);
			path = YSHistoryBtn;
			sourceTree = "<group>";
		};
		3945944B1D3875A70017F4A3 /* GlobalCustemController */ = {
			isa = PBXGroup;
			children = (
				3945944C1D3875A70017F4A3 /* YSRootViewController.h */,
				3945944D1D3875A70017F4A3 /* YSRootViewController.m */,
				3945944E1D3875A70017F4A3 /* YSTabBarController.h */,
				3945944F1D3875A70017F4A3 /* YSTabBarController.m */,
			);
			path = GlobalCustemController;
			sourceTree = "<group>";
		};
		394594551D38762E0017F4A3 /* YSLanguage */ = {
			isa = PBXGroup;
			children = (
				394594591D38777F0017F4A3 /* YSLanguageViewController.h */,
				3945945A1D38777F0017F4A3 /* YSLanguageViewController.m */,
			);
			name = YSLanguage;
			sourceTree = "<group>";
		};
		394594561D38766C0017F4A3 /* YSWeb */ = {
			isa = PBXGroup;
			children = (
				3945945F1D3877AE0017F4A3 /* YSWebViewController.h */,
				394594601D3877AE0017F4A3 /* YSWebViewController.m */,
			);
			name = YSWeb;
			sourceTree = "<group>";
		};
		394594571D38767B0017F4A3 /* YSOther */ = {
			isa = PBXGroup;
			children = (
				394594B41D38792F0017F4A3 /* YSOtherViewController.h */,
				394594B51D38792F0017F4A3 /* YSOtherViewController.m */,
				398594431D13CCB100863A14 /* SectionSix */,
				3985944B1D13F06A00863A14 /* SectionSeven */,
				392621901D2363A400CF4C90 /* SectionEleven */,
			);
			name = YSOther;
			sourceTree = "<group>";
		};
		394594581D3876AE0017F4A3 /* YSHareware */ = {
			isa = PBXGroup;
			children = (
				394594B11D3879200017F4A3 /* YSHarewareViewController.h */,
				394594B21D3879200017F4A3 /* YSHarewareViewController.m */,
			);
			name = YSHareware;
			sourceTree = "<group>";
		};
		394594B71D387E310017F4A3 /* tabbarImage */ = {
			isa = PBXGroup;
			children = (
				394594B81D387E310017F4A3 /* hareware.png */,
				394594B91D387E310017F4A3 /* language.png */,
				394594BA1D387E310017F4A3 /* other.png */,
				394594BB1D387E310017F4A3 /* savedata.png */,
				394594BC1D387E310017F4A3 /* ui.png */,
				394594BD1D387E310017F4A3 /* web.png */,
			);
			name = tabbarImage;
			path = Image/tabbarImage;
			sourceTree = "<group>";
		};
		3949E26D1D1A2D6E0016BFF6 /* UserDefaults */ = {
			isa = PBXGroup;
			children = (
				3949E26E1D1A2DA30016BFF6 /* YSUserDefaults.h */,
				3949E26F1D1A2DA30016BFF6 /* YSUserDefaults.m */,
				3949E2721D1A327D0016BFF6 /* YSDefaultsViewController.h */,
				3949E2731D1A327D0016BFF6 /* YSDefaultsViewController.m */,
			);
			name = UserDefaults;
			sourceTree = "<group>";
		};
		3949E2781D1A3D660016BFF6 /* CodingAndFile */ = {
			isa = PBXGroup;
			children = (
				3949E2791D1A3D9E0016BFF6 /* CodeAndFileViewController.h */,
				3949E27A1D1A3D9E0016BFF6 /* CodeAndFileViewController.m */,
			);
			name = CodingAndFile;
			sourceTree = "<group>";
		};
		394FF77A1D34C9FC00B80D24 /* Images */ = {
			isa = PBXGroup;
			children = (
				394594B71D387E310017F4A3 /* tabbarImage */,
				394FF77B1D34CA1300B80D24 /* historyViewImage */,
				395E69571D128BD700CBDFE0 /* btnImage */,
				39B218B51D19125A008DD042 /* otherImage */,
				39214A691D056A600019422D /* Image */,
			);
			name = Images;
			sourceTree = "<group>";
		};
		394FF77B1D34CA1300B80D24 /* historyViewImage */ = {
			isa = PBXGroup;
			children = (
				394FF77E1D34DBAF00B80D24 /* editBtn.png */,
				394FF77C1D34CA1300B80D24 /* deleteBtnImage.png */,
			);
			name = historyViewImage;
			path = Image/historyViewImage;
			sourceTree = "<group>";
		};
		395E694F1D12774300CBDFE0 /* OneSearchDisplayViewController */ = {
			isa = PBXGroup;
			children = (
				3945949F1D3878A50017F4A3 /* OneSearchController.h */,
				394594A01D3878A50017F4A3 /* OneSearchController.m */,
				394594A11D3878A50017F4A3 /* OneSearchDisplayController.h */,
				394594A21D3878A50017F4A3 /* OneSearchDisplayController.m */,
				394594A31D3878A50017F4A3 /* SearchResultViewController.h */,
				394594A41D3878A50017F4A3 /* SearchResultViewController.m */,
			);
			name = OneSearchDisplayViewController;
			sourceTree = "<group>";
		};
		395E69531D1279E600CBDFE0 /* Categares */ = {
			isa = PBXGroup;
			children = (
				392621941D2365B400CF4C90 /* UIColor */,
				39B218CF1D192C7E008DD042 /* UILabel */,
				39B218C21D1920DB008DD042 /* NSString */,
				39B218BE1D1920C4008DD042 /* NSObject+RNSwizzle */,
			);
			path = Categares;
			sourceTree = "<group>";
		};
		395E69571D128BD700CBDFE0 /* btnImage */ = {
			isa = PBXGroup;
			children = (
				395E69581D128BE900CBDFE0 /* btn1.png */,
			);
			name = btnImage;
			sourceTree = "<group>";
		};
		3966393E1D1781C20069E0E8 /* Libs */ = {
			isa = PBXGroup;
			children = (
				39399A0C1D24B55000409871 /* YSFileManager */,
			);
			path = Libs;
			sourceTree = "<group>";
		};
		396CCBCF1D0F93ED00C57543 /* OneHorizontalTableView */ = {
			isa = PBXGroup;
			children = (
				394594991D3878950017F4A3 /* OneHorizontalTableViewCell.h */,
				3945949A1D3878950017F4A3 /* OneHorizontalTableViewCell.m */,
				3945949B1D3878950017F4A3 /* OneHorizontalTableViewController.h */,
				3945949C1D3878950017F4A3 /* OneHorizontalTableViewController.m */,
			);
			name = OneHorizontalTableView;
			sourceTree = "<group>";
		};
		398594431D13CCB100863A14 /* SectionSix */ = {
			isa = PBXGroup;
			children = (
				398594441D13CD0000863A14 /* SixGestureViewController.h */,
				398594451D13CD0000863A14 /* SixGestureViewController.m */,
				398594471D13CE8B00863A14 /* YSCustemGesureRecognizer.h */,
				398594481D13CE8B00863A14 /* YSCustemGesureRecognizer.m */,
			);
			path = SectionSix;
			sourceTree = "<group>";
		};
		3985944B1D13F06A00863A14 /* SectionSeven */ = {
			isa = PBXGroup;
			children = (
				3985944C1D13F0B800863A14 /* SevenAppleLocationViewController.h */,
				3985944D1D13F0B800863A14 /* SevenAppleLocationViewController.m */,
				3985944F1D13F0D900863A14 /* SevenBaiduViewController.h */,
				398594501D13F0D900863A14 /* SevenBaiduViewController.m */,
				398594521D13F11900863A14 /* SevenGaoDeViewController.h */,
				398594531D13F11900863A14 /* SevenGaoDeViewController.m */,
			);
			path = SectionSeven;
			sourceTree = "<group>";
		};
		398594571D13F41400863A14 /* Header File */ = {
			isa = PBXGroup;
			children = (
				393E98CF1D3F1A4D00D10561 /* YSSetting.pch */,
				393E98CE1D3F1A2700D10561 /* IntroduceFile.h */,
				393E98C81D3F10A800D10561 /* GlobalString.h */,
				393E98C91D3F10A800D10561 /* YSLogControl.h */,
			);
			name = "Header File";
			sourceTree = "<group>";
		};
		39B218AD1D18E0BE008DD042 /* OneUIapplicationSeting */ = {
			isa = PBXGroup;
			children = (
				394594AE1D3878D20017F4A3 /* ApplicationSettingViewController.h */,
				394594AF1D3878D20017F4A3 /* ApplicationSettingViewController.m */,
			);
			name = OneUIapplicationSeting;
			sourceTree = "<group>";
		};
		39B218B11D1911A4008DD042 /* YSSaveData */ = {
			isa = PBXGroup;
			children = (
				394594521D3875DF0017F4A3 /* YSSaveDataViewController.h */,
				394594531D3875DF0017F4A3 /* YSSaveDataViewController.m */,
				39B218D41D193AEB008DD042 /* Doc */,
				3949E2781D1A3D660016BFF6 /* CodingAndFile */,
				3949E26D1D1A2D6E0016BFF6 /* UserDefaults */,
			);
			name = YSSaveData;
			path = SectionTwo;
			sourceTree = "<group>";
		};
		39B218B51D19125A008DD042 /* otherImage */ = {
			isa = PBXGroup;
			children = (
				39399A101D24B97400409871 /* trash.png */,
				39B218B61D19126C008DD042 /* docImage.png */,
			);
			name = otherImage;
			path = Image/otherImage;
			sourceTree = "<group>";
		};
		39B218B81D19172C008DD042 /* ysPlist */ = {
			isa = PBXGroup;
			children = (
				39B218B91D19175E008DD042 /* homeDirectiory.plist */,
			);
			path = ysPlist;
			sourceTree = "<group>";
		};
		39B218BE1D1920C4008DD042 /* NSObject+RNSwizzle */ = {
			isa = PBXGroup;
			children = (
				39B218BF1D1920C4008DD042 /* NSObject+RNSwizzle.h */,
				39B218C01D1920C4008DD042 /* NSObject+RNSwizzle.m */,
			);
			path = "NSObject+RNSwizzle";
			sourceTree = "<group>";
		};
		39B218C21D1920DB008DD042 /* NSString */ = {
			isa = PBXGroup;
			children = (
				39B218C31D19211F008DD042 /* NSString+BreakLine.h */,
				39B218C41D19211F008DD042 /* NSString+BreakLine.m */,
			);
			path = NSString;
			sourceTree = "<group>";
		};
		39B218CF1D192C7E008DD042 /* UILabel */ = {
			isa = PBXGroup;
			children = (
			);
			path = UILabel;
			sourceTree = "<group>";
		};
		39B218D41D193AEB008DD042 /* Doc */ = {
			isa = PBXGroup;
			children = (
				39B218B21D1911BE008DD042 /* TwoDocumentViewController.h */,
				39B218B31D1911BE008DD042 /* TwoDocumentViewController.m */,
				39B218C71D192794008DD042 /* TwoDocumentTableViewCell.h */,
				39B218C81D192794008DD042 /* TwoDocumentTableViewCell.m */,
				39B218C91D192794008DD042 /* TwoDocumentTableViewCell.xib */,
			);
			name = Doc;
			sourceTree = "<group>";
		};
		39C621971D0E9A6600A34040 /* OneCollection */ = {
			isa = PBXGroup;
			children = (
				394594901D3878850017F4A3 /* OneCollectionCollectionViewCell.h */,
				394594911D3878850017F4A3 /* OneCollectionCollectionViewCell.m */,
				394594921D3878850017F4A3 /* OneCollectionReusableView.h */,
				394594931D3878850017F4A3 /* OneCollectionReusableView.m */,
				394594941D3878850017F4A3 /* OneCollectionViewController.h */,
				394594951D3878850017F4A3 /* OneCollectionViewController.m */,
			);
			name = OneCollection;
			sourceTree = "<group>";
		};
		39C621981D0E9A7500A34040 /* OnePicker */ = {
			isa = PBXGroup;
			children = (
				3945948D1D3878740017F4A3 /* OnePickerViewController.h */,
				3945948E1D3878740017F4A3 /* OnePickerViewController.m */,
			);
			name = OnePicker;
			sourceTree = "<group>";
		};
		39C6219C1D0EABA400A34040 /* Models */ = {
			isa = PBXGroup;
			children = (
				39C6219D1D0EABDF00A34040 /* CollectionTestModel.h */,
				39C6219E1D0EABDF00A34040 /* CollectionTestModel.m */,
				39B218BB1D191DC4008DD042 /* docModel.h */,
				39B218BC1D191DC4008DD042 /* docModel.m */,
				3949E2751D1A3B890016BFF6 /* YSUserModel.h */,
				3949E2761D1A3B890016BFF6 /* YSUserModel.m */,
			);
			path = Models;
			sourceTree = "<group>";
		};
		39FEC0B91D1B73080036DAB3 /* CustemSearchBar */ = {
			isa = PBXGroup;
			children = (
				394594AB1D3878C20017F4A3 /* CustemSearchViewController.h */,
				394594AC1D3878C20017F4A3 /* CustemSearchViewController.m */,
				394594A81D3878B40017F4A3 /* YSSearchBarView.h */,
				394594A91D3878B40017F4A3 /* YSSearchBarView.m */,
			);
			name = CustemSearchBar;
			sourceTree = "<group>";
		};
		A956B4EE30D808CC2E6E07AB /* Pods */ = {
			isa = PBXGroup;
			children = (
				2091E4EB0EA5E6D414D65CEA /* Pods-YS_iOS_Other.debug.xcconfig */,
				63927F4C004D73FD33E1F045 /* Pods-YS_iOS_Other.release.xcconfig */,
			);
			name = Pods;
			sourceTree = "<group>";
		};
		D6C183E4E3E19DB390670CA7 /* Frameworks */ = {
			isa = PBXGroup;
			children = (
				9AD2527BB6BD7D815F0CCF07 /* libPods-YS_iOS_Other.a */,
			);
			name = Frameworks;
			sourceTree = "<group>";
		};
/* End PBXGroup section */

/* Begin PBXNativeTarget section */
		39214A0B1D05203B0019422D /* YS_iOS_Other */ = {
			isa = PBXNativeTarget;
			buildConfigurationList = 39214A391D05203B0019422D /* Build configuration list for PBXNativeTarget "YS_iOS_Other" */;
			buildPhases = (
				F6ADA55A1F42138E1CFE52E8 /* [CP] Check Pods Manifest.lock */,
				39214A081D05203B0019422D /* Sources */,
				39214A091D05203B0019422D /* Frameworks */,
				39214A0A1D05203B0019422D /* Resources */,
				B8937BB285029C95ADAED69E /* [CP] Embed Pods Frameworks */,
				B71F46A6B27121027B28BB09 /* [CP] Copy Pods Resources */,
			);
			buildRules = (
			);
			dependencies = (
			);
			name = YS_iOS_Other;
			productName = YS_iOS_Other;
			productReference = 39214A0C1D05203B0019422D /* YS_iOS_Other.app */;
			productType = "com.apple.product-type.application";
		};
		39214A241D05203B0019422D /* YS_iOS_OtherTests */ = {
			isa = PBXNativeTarget;
			buildConfigurationList = 39214A3C1D05203B0019422D /* Build configuration list for PBXNativeTarget "YS_iOS_OtherTests" */;
			buildPhases = (
				39214A211D05203B0019422D /* Sources */,
				39214A221D05203B0019422D /* Frameworks */,
				39214A231D05203B0019422D /* Resources */,
			);
			buildRules = (
			);
			dependencies = (
				39214A271D05203B0019422D /* PBXTargetDependency */,
			);
			name = YS_iOS_OtherTests;
			productName = YS_iOS_OtherTests;
			productReference = 39214A251D05203B0019422D /* YS_iOS_OtherTests.xctest */;
			productType = "com.apple.product-type.bundle.unit-test";
		};
		39214A2F1D05203B0019422D /* YS_iOS_OtherUITests */ = {
			isa = PBXNativeTarget;
			buildConfigurationList = 39214A3F1D05203B0019422D /* Build configuration list for PBXNativeTarget "YS_iOS_OtherUITests" */;
			buildPhases = (
				39214A2C1D05203B0019422D /* Sources */,
				39214A2D1D05203B0019422D /* Frameworks */,
				39214A2E1D05203B0019422D /* Resources */,
			);
			buildRules = (
			);
			dependencies = (
				39214A321D05203B0019422D /* PBXTargetDependency */,
			);
			name = YS_iOS_OtherUITests;
			productName = YS_iOS_OtherUITests;
			productReference = 39214A301D05203B0019422D /* YS_iOS_OtherUITests.xctest */;
			productType = "com.apple.product-type.bundle.ui-testing";
		};
/* End PBXNativeTarget section */

/* Begin PBXProject section */
		39214A041D05203B0019422D /* Project object */ = {
			isa = PBXProject;
			attributes = {
				LastUpgradeCheck = 0730;
				ORGANIZATIONNAME = YJ;
				TargetAttributes = {
					39214A0B1D05203B0019422D = {
						CreatedOnToolsVersion = 7.3;
						DevelopmentTeam = MNH692X4AB;
					};
					39214A241D05203B0019422D = {
						CreatedOnToolsVersion = 7.3;
						TestTargetID = 39214A0B1D05203B0019422D;
					};
					39214A2F1D05203B0019422D = {
						CreatedOnToolsVersion = 7.3;
						TestTargetID = 39214A0B1D05203B0019422D;
					};
				};
			};
			buildConfigurationList = 39214A071D05203B0019422D /* Build configuration list for PBXProject "YS_iOS_Other" */;
			compatibilityVersion = "Xcode 3.2";
			developmentRegion = English;
			hasScannedForEncodings = 0;
			knownRegions = (
				en,
				Base,
			);
			mainGroup = 39214A031D05203B0019422D;
			productRefGroup = 39214A0D1D05203B0019422D /* Products */;
			projectDirPath = "";
			projectRoot = "";
			targets = (
				39214A0B1D05203B0019422D /* YS_iOS_Other */,
				39214A241D05203B0019422D /* YS_iOS_OtherTests */,
				39214A2F1D05203B0019422D /* YS_iOS_OtherUITests */,
			);
		};
/* End PBXProject section */

/* Begin PBXResourcesBuildPhase section */
		39214A0A1D05203B0019422D /* Resources */ = {
			isa = PBXResourcesBuildPhase;
			buildActionMask = 2147483647;
			files = (
				394594C31D387E310017F4A3 /* web.png in Resources */,
				395E69591D128BE900CBDFE0 /* btn1.png in Resources */,
				39214A7D1D056A600019422D /* 5.jpg in Resources */,
				39214A7C1D056A600019422D /* 4.jpg in Resources */,
				39214A7B1D056A600019422D /* 3.jpg in Resources */,
				394FF77F1D34DBAF00B80D24 /* editBtn.png in Resources */,
				39214A811D056A600019422D /* 9.jpg in Resources */,
				394594BE1D387E310017F4A3 /* hareware.png in Resources */,
				39214A771D056A600019422D /* 10.jpg in Resources */,
				39214A1F1D05203B0019422D /* LaunchScreen.storyboard in Resources */,
				39B218BA1D19175E008DD042 /* homeDirectiory.plist in Resources */,
				39214A791D056A600019422D /* 12.jpg in Resources */,
				394594BF1D387E310017F4A3 /* language.png in Resources */,
				394FF77D1D34CA1300B80D24 /* deleteBtnImage.png in Resources */,
				39214A801D056A600019422D /* 8.jpg in Resources */,
				394594C01D387E310017F4A3 /* other.png in Resources */,
				39214A7E1D056A600019422D /* 6.jpg in Resources */,
				39214A761D056A600019422D /* 1.jpg in Resources */,
				39B218CB1D192794008DD042 /* TwoDocumentTableViewCell.xib in Resources */,
				39214A7A1D056A600019422D /* 2.jpg in Resources */,
				39214A781D056A600019422D /* 11.jpg in Resources */,
				39B218B71D19126C008DD042 /* docImage.png in Resources */,
				39214A7F1D056A600019422D /* 7.jpg in Resources */,
				394594C21D387E310017F4A3 /* ui.png in Resources */,
				394594C11D387E310017F4A3 /* savedata.png in Resources */,
				39214A1C1D05203B0019422D /* Assets.xcassets in Resources */,
				39399A111D24B97400409871 /* trash.png in Resources */,
				39214A1A1D05203B0019422D /* Main.storyboard in Resources */,
			);
			runOnlyForDeploymentPostprocessing = 0;
		};
		39214A231D05203B0019422D /* Resources */ = {
			isa = PBXResourcesBuildPhase;
			buildActionMask = 2147483647;
			files = (
			);
			runOnlyForDeploymentPostprocessing = 0;
		};
		39214A2E1D05203B0019422D /* Resources */ = {
			isa = PBXResourcesBuildPhase;
			buildActionMask = 2147483647;
			files = (
			);
			runOnlyForDeploymentPostprocessing = 0;
		};
/* End PBXResourcesBuildPhase section */

/* Begin PBXShellScriptBuildPhase section */
		B71F46A6B27121027B28BB09 /* [CP] Copy Pods Resources */ = {
			isa = PBXShellScriptBuildPhase;
			buildActionMask = 2147483647;
			files = (
			);
			inputPaths = (
			);
			name = "[CP] Copy Pods Resources";
			outputPaths = (
			);
			runOnlyForDeploymentPostprocessing = 0;
			shellPath = /bin/sh;
			shellScript = "\"${SRCROOT}/Pods/Target Support Files/Pods-YS_iOS_Other/Pods-YS_iOS_Other-resources.sh\"\n";
			showEnvVarsInLog = 0;
		};
		B8937BB285029C95ADAED69E /* [CP] Embed Pods Frameworks */ = {
			isa = PBXShellScriptBuildPhase;
			buildActionMask = 2147483647;
			files = (
			);
			inputPaths = (
			);
			name = "[CP] Embed Pods Frameworks";
			outputPaths = (
			);
			runOnlyForDeploymentPostprocessing = 0;
			shellPath = /bin/sh;
			shellScript = "\"${SRCROOT}/Pods/Target Support Files/Pods-YS_iOS_Other/Pods-YS_iOS_Other-frameworks.sh\"\n";
			showEnvVarsInLog = 0;
		};
		F6ADA55A1F42138E1CFE52E8 /* [CP] Check Pods Manifest.lock */ = {
			isa = PBXShellScriptBuildPhase;
			buildActionMask = 2147483647;
			files = (
			);
			inputPaths = (
			);
			name = "[CP] Check Pods Manifest.lock";
			outputPaths = (
			);
			runOnlyForDeploymentPostprocessing = 0;
			shellPath = /bin/sh;
			shellScript = "diff \"${PODS_ROOT}/../Podfile.lock\" \"${PODS_ROOT}/Manifest.lock\" > /dev/null\nif [[ $? != 0 ]] ; then\n    cat << EOM\nerror: The sandbox is not in sync with the Podfile.lock. Run 'pod install' or update your CocoaPods installation.\nEOM\n    exit 1\nfi\n";
			showEnvVarsInLog = 0;
		};
/* End PBXShellScriptBuildPhase section */

/* Begin PBXSourcesBuildPhase section */
		39214A081D05203B0019422D /* Sources */ = {
			isa = PBXSourcesBuildPhase;
			buildActionMask = 2147483647;
			files = (
				3945948C1D38785D0017F4A3 /* ViewController.m in Sources */,
				394594AD1D3878C20017F4A3 /* CustemSearchViewController.m in Sources */,
				3926219A1D239F0400CF4C90 /* NavHideViewController.m in Sources */,
				3949E2741D1A327D0016BFF6 /* YSDefaultsViewController.m in Sources */,
				398594461D13CD0000863A14 /* SixGestureViewController.m in Sources */,
				394594B61D38792F0017F4A3 /* YSOtherViewController.m in Sources */,
				394594981D3878850017F4A3 /* OneCollectionViewController.m in Sources */,
				398594541D13F11900863A14 /* SevenGaoDeViewController.m in Sources */,
				394594971D3878850017F4A3 /* OneCollectionReusableView.m in Sources */,
				394594541D3875DF0017F4A3 /* YSSaveDataViewController.m in Sources */,
				3945948F1D3878740017F4A3 /* OnePickerViewController.m in Sources */,
				39214A141D05203B0019422D /* AppDelegate.m in Sources */,
				398594491D13CE8B00863A14 /* YSCustemGesureRecognizer.m in Sources */,
				3926219D1D23B19100CF4C90 /* NavHeadViewViewController.m in Sources */,
				39399A0F1D24B57100409871 /* YSFileManager.m in Sources */,
				39B218C11D1920C4008DD042 /* NSObject+RNSwizzle.m in Sources */,
				394594A61D3878A50017F4A3 /* OneSearchDisplayController.m in Sources */,
				39B218B41D1911BE008DD042 /* TwoDocumentViewController.m in Sources */,
				39B218C51D19211F008DD042 /* NSString+BreakLine.m in Sources */,
				394594AA1D3878B40017F4A3 /* YSSearchBarView.m in Sources */,
				39B218BD1D191DC4008DD042 /* docModel.m in Sources */,
				39399A191D24BB5700409871 /* YSHistoryView.m in Sources */,
				3949E27B1D1A3D9E0016BFF6 /* CodeAndFileViewController.m in Sources */,
				3985944E1D13F0B800863A14 /* SevenAppleLocationViewController.m in Sources */,
				394594961D3878850017F4A3 /* OneCollectionCollectionViewCell.m in Sources */,
				3949E2771D1A3B890016BFF6 /* YSUserModel.m in Sources */,
				394594B01D3878D20017F4A3 /* ApplicationSettingViewController.m in Sources */,
				392621971D2365D700CF4C90 /* UIColor+Image.m in Sources */,
				39214A111D05203B0019422D /* main.m in Sources */,
				3945949D1D3878950017F4A3 /* OneHorizontalTableViewCell.m in Sources */,
				394594B31D3879200017F4A3 /* YSHarewareViewController.m in Sources */,
				39B218CA1D192794008DD042 /* TwoDocumentTableViewCell.m in Sources */,
				39C6219F1D0EABDF00A34040 /* CollectionTestModel.m in Sources */,
				3949E2701D1A2DA30016BFF6 /* YSUserDefaults.m in Sources */,
				394594A71D3878A50017F4A3 /* SearchResultViewController.m in Sources */,
				394594A51D3878A50017F4A3 /* OneSearchController.m in Sources */,
				398594511D13F0D900863A14 /* SevenBaiduViewController.m in Sources */,
				392621931D2363DA00CF4C90 /* JianShuNavAnimationViewController.m in Sources */,
				3945945B1D38777F0017F4A3 /* YSLanguageViewController.m in Sources */,
				3945949E1D3878950017F4A3 /* OneHorizontalTableViewController.m in Sources */,
				394594501D3875A70017F4A3 /* YSRootViewController.m in Sources */,
				394594511D3875A70017F4A3 /* YSTabBarController.m in Sources */,
				394594611D3877AE0017F4A3 /* YSWebViewController.m in Sources */,
			);
			runOnlyForDeploymentPostprocessing = 0;
		};
		39214A211D05203B0019422D /* Sources */ = {
			isa = PBXSourcesBuildPhase;
			buildActionMask = 2147483647;
			files = (
				39214A2A1D05203B0019422D /* YS_iOS_OtherTests.m in Sources */,
			);
			runOnlyForDeploymentPostprocessing = 0;
		};
		39214A2C1D05203B0019422D /* Sources */ = {
			isa = PBXSourcesBuildPhase;
			buildActionMask = 2147483647;
			files = (
				39214A351D05203B0019422D /* YS_iOS_OtherUITests.m in Sources */,
			);
			runOnlyForDeploymentPostprocessing = 0;
		};
/* End PBXSourcesBuildPhase section */

/* Begin PBXTargetDependency section */
		39214A271D05203B0019422D /* PBXTargetDependency */ = {
			isa = PBXTargetDependency;
			target = 39214A0B1D05203B0019422D /* YS_iOS_Other */;
			targetProxy = 39214A261D05203B0019422D /* PBXContainerItemProxy */;
		};
		39214A321D05203B0019422D /* PBXTargetDependency */ = {
			isa = PBXTargetDependency;
			target = 39214A0B1D05203B0019422D /* YS_iOS_Other */;
			targetProxy = 39214A311D05203B0019422D /* PBXContainerItemProxy */;
		};
/* End PBXTargetDependency section */

/* Begin PBXVariantGroup section */
		39214A181D05203B0019422D /* Main.storyboard */ = {
			isa = PBXVariantGroup;
			children = (
				39214A191D05203B0019422D /* Base */,
			);
			name = Main.storyboard;
			sourceTree = "<group>";
		};
		39214A1D1D05203B0019422D /* LaunchScreen.storyboard */ = {
			isa = PBXVariantGroup;
			children = (
				39214A1E1D05203B0019422D /* Base */,
			);
			name = LaunchScreen.storyboard;
			sourceTree = "<group>";
		};
/* End PBXVariantGroup section */

/* Begin XCBuildConfiguration section */
		39214A371D05203B0019422D /* Debug */ = {
			isa = XCBuildConfiguration;
			buildSettings = {
				ALWAYS_SEARCH_USER_PATHS = NO;
				CLANG_ANALYZER_NONNULL = YES;
				CLANG_CXX_LANGUAGE_STANDARD = "gnu++0x";
				CLANG_CXX_LIBRARY = "libc++";
				CLANG_ENABLE_MODULES = YES;
				CLANG_ENABLE_OBJC_ARC = YES;
				CLANG_WARN_BOOL_CONVERSION = YES;
				CLANG_WARN_CONSTANT_CONVERSION = YES;
				CLANG_WARN_DIRECT_OBJC_ISA_USAGE = YES_ERROR;
				CLANG_WARN_EMPTY_BODY = YES;
				CLANG_WARN_ENUM_CONVERSION = YES;
				CLANG_WARN_INT_CONVERSION = YES;
				CLANG_WARN_OBJC_ROOT_CLASS = YES_ERROR;
				CLANG_WARN_UNREACHABLE_CODE = YES;
				CLANG_WARN__DUPLICATE_METHOD_MATCH = YES;
				"CODE_SIGN_IDENTITY[sdk=iphoneos*]" = "iPhone Developer";
				COPY_PHASE_STRIP = NO;
				DEBUG_INFORMATION_FORMAT = dwarf;
				ENABLE_STRICT_OBJC_MSGSEND = YES;
				ENABLE_TESTABILITY = YES;
				GCC_C_LANGUAGE_STANDARD = gnu99;
				GCC_DYNAMIC_NO_PIC = NO;
				GCC_NO_COMMON_BLOCKS = YES;
				GCC_OPTIMIZATION_LEVEL = 0;
				GCC_PREPROCESSOR_DEFINITIONS = (
					"DEBUG=1",
					"$(inherited)",
				);
				GCC_WARN_64_TO_32_BIT_CONVERSION = YES;
				GCC_WARN_ABOUT_RETURN_TYPE = YES_ERROR;
				GCC_WARN_UNDECLARED_SELECTOR = YES;
				GCC_WARN_UNINITIALIZED_AUTOS = YES_AGGRESSIVE;
				GCC_WARN_UNUSED_FUNCTION = YES;
				GCC_WARN_UNUSED_VARIABLE = YES;
				IPHONEOS_DEPLOYMENT_TARGET = 9.3;
				MTL_ENABLE_DEBUG_INFO = YES;
				ONLY_ACTIVE_ARCH = YES;
				SDKROOT = iphoneos;
				TARGETED_DEVICE_FAMILY = "1,2";
			};
			name = Debug;
		};
		39214A381D05203B0019422D /* Release */ = {
			isa = XCBuildConfiguration;
			buildSettings = {
				ALWAYS_SEARCH_USER_PATHS = NO;
				CLANG_ANALYZER_NONNULL = YES;
				CLANG_CXX_LANGUAGE_STANDARD = "gnu++0x";
				CLANG_CXX_LIBRARY = "libc++";
				CLANG_ENABLE_MODULES = YES;
				CLANG_ENABLE_OBJC_ARC = YES;
				CLANG_WARN_BOOL_CONVERSION = YES;
				CLANG_WARN_CONSTANT_CONVERSION = YES;
				CLANG_WARN_DIRECT_OBJC_ISA_USAGE = YES_ERROR;
				CLANG_WARN_EMPTY_BODY = YES;
				CLANG_WARN_ENUM_CONVERSION = YES;
				CLANG_WARN_INT_CONVERSION = YES;
				CLANG_WARN_OBJC_ROOT_CLASS = YES_ERROR;
				CLANG_WARN_UNREACHABLE_CODE = YES;
				CLANG_WARN__DUPLICATE_METHOD_MATCH = YES;
				"CODE_SIGN_IDENTITY[sdk=iphoneos*]" = "iPhone Developer";
				COPY_PHASE_STRIP = NO;
				DEBUG_INFORMATION_FORMAT = "dwarf-with-dsym";
				ENABLE_NS_ASSERTIONS = NO;
				ENABLE_STRICT_OBJC_MSGSEND = YES;
				GCC_C_LANGUAGE_STANDARD = gnu99;
				GCC_NO_COMMON_BLOCKS = YES;
				GCC_WARN_64_TO_32_BIT_CONVERSION = YES;
				GCC_WARN_ABOUT_RETURN_TYPE = YES_ERROR;
				GCC_WARN_UNDECLARED_SELECTOR = YES;
				GCC_WARN_UNINITIALIZED_AUTOS = YES_AGGRESSIVE;
				GCC_WARN_UNUSED_FUNCTION = YES;
				GCC_WARN_UNUSED_VARIABLE = YES;
				IPHONEOS_DEPLOYMENT_TARGET = 9.3;
				MTL_ENABLE_DEBUG_INFO = NO;
				SDKROOT = iphoneos;
				TARGETED_DEVICE_FAMILY = "1,2";
				VALIDATE_PRODUCT = YES;
			};
			name = Release;
		};
		39214A3A1D05203B0019422D /* Debug */ = {
			isa = XCBuildConfiguration;
			baseConfigurationReference = 2091E4EB0EA5E6D414D65CEA /* Pods-YS_iOS_Other.debug.xcconfig */;
			buildSettings = {
				ASSETCATALOG_COMPILER_APPICON_NAME = AppIcon;
				ASSETCATALOG_COMPILER_LAUNCHIMAGE_NAME = LaunchImage;
				CODE_SIGN_IDENTITY = "iPhone Developer";
				"CODE_SIGN_IDENTITY[sdk=iphoneos*]" = "iPhone Developer";
				GCC_PRECOMPILE_PREFIX_HEADER = YES;
				GCC_PREFIX_HEADER = "$(SRCROOT)/YS_iOS_Other/HeaderFile/YSSetting.pch";
				INFOPLIST_FILE = YS_iOS_Other/Info.plist;
				IPHONEOS_DEPLOYMENT_TARGET = 7.0;
				LD_RUNPATH_SEARCH_PATHS = "$(inherited) @executable_path/Frameworks";
				PRODUCT_BUNDLE_IDENTIFIER = com.yjyuanshuai.ysTest;
				PRODUCT_NAME = "$(TARGET_NAME)";
				PROVISIONING_PROFILE = "";
			};
			name = Debug;
		};
		39214A3B1D05203B0019422D /* Release */ = {
			isa = XCBuildConfiguration;
			baseConfigurationReference = 63927F4C004D73FD33E1F045 /* Pods-YS_iOS_Other.release.xcconfig */;
			buildSettings = {
				ASSETCATALOG_COMPILER_APPICON_NAME = AppIcon;
				ASSETCATALOG_COMPILER_LAUNCHIMAGE_NAME = LaunchImage;
				CODE_SIGN_IDENTITY = "iPhone Developer";
				"CODE_SIGN_IDENTITY[sdk=iphoneos*]" = "iPhone Developer";
				GCC_PRECOMPILE_PREFIX_HEADER = YES;
				GCC_PREFIX_HEADER = "$(SRCROOT)/YS_iOS_Other/HeaderFile/YSSetting.pch";
				INFOPLIST_FILE = YS_iOS_Other/Info.plist;
				IPHONEOS_DEPLOYMENT_TARGET = 7.0;
				LD_RUNPATH_SEARCH_PATHS = "$(inherited) @executable_path/Frameworks";
				PRODUCT_BUNDLE_IDENTIFIER = com.yjyuanshuai.ysTest;
				PRODUCT_NAME = "$(TARGET_NAME)";
				PROVISIONING_PROFILE = "";
			};
			name = Release;
		};
		39214A3D1D05203B0019422D /* Debug */ = {
			isa = XCBuildConfiguration;
			buildSettings = {
				BUNDLE_LOADER = "$(TEST_HOST)";
				INFOPLIST_FILE = YS_iOS_OtherTests/Info.plist;
				LD_RUNPATH_SEARCH_PATHS = "$(inherited) @executable_path/Frameworks @loader_path/Frameworks";
				PRODUCT_BUNDLE_IDENTIFIER = "com.yjyuanshuai.YS-iOS-OtherTests";
				PRODUCT_NAME = "$(TARGET_NAME)";
				TEST_HOST = "$(BUILT_PRODUCTS_DIR)/YS_iOS_Other.app/YS_iOS_Other";
			};
			name = Debug;
		};
		39214A3E1D05203B0019422D /* Release */ = {
			isa = XCBuildConfiguration;
			buildSettings = {
				BUNDLE_LOADER = "$(TEST_HOST)";
				INFOPLIST_FILE = YS_iOS_OtherTests/Info.plist;
				LD_RUNPATH_SEARCH_PATHS = "$(inherited) @executable_path/Frameworks @loader_path/Frameworks";
				PRODUCT_BUNDLE_IDENTIFIER = "com.yjyuanshuai.YS-iOS-OtherTests";
				PRODUCT_NAME = "$(TARGET_NAME)";
				TEST_HOST = "$(BUILT_PRODUCTS_DIR)/YS_iOS_Other.app/YS_iOS_Other";
			};
			name = Release;
		};
		39214A401D05203B0019422D /* Debug */ = {
			isa = XCBuildConfiguration;
			buildSettings = {
				INFOPLIST_FILE = YS_iOS_OtherUITests/Info.plist;
				LD_RUNPATH_SEARCH_PATHS = "$(inherited) @executable_path/Frameworks @loader_path/Frameworks";
				PRODUCT_BUNDLE_IDENTIFIER = "com.yjyuanshuai.YS-iOS-OtherUITests";
				PRODUCT_NAME = "$(TARGET_NAME)";
				TEST_TARGET_NAME = YS_iOS_Other;
			};
			name = Debug;
		};
		39214A411D05203B0019422D /* Release */ = {
			isa = XCBuildConfiguration;
			buildSettings = {
				INFOPLIST_FILE = YS_iOS_OtherUITests/Info.plist;
				LD_RUNPATH_SEARCH_PATHS = "$(inherited) @executable_path/Frameworks @loader_path/Frameworks";
				PRODUCT_BUNDLE_IDENTIFIER = "com.yjyuanshuai.YS-iOS-OtherUITests";
				PRODUCT_NAME = "$(TARGET_NAME)";
				TEST_TARGET_NAME = YS_iOS_Other;
			};
			name = Release;
		};
/* End XCBuildConfiguration section */

/* Begin XCConfigurationList section */
		39214A071D05203B0019422D /* Build configuration list for PBXProject "YS_iOS_Other" */ = {
			isa = XCConfigurationList;
			buildConfigurations = (
				39214A371D05203B0019422D /* Debug */,
				39214A381D05203B0019422D /* Release */,
			);
			defaultConfigurationIsVisible = 0;
			defaultConfigurationName = Release;
		};
		39214A391D05203B0019422D /* Build configuration list for PBXNativeTarget "YS_iOS_Other" */ = {
			isa = XCConfigurationList;
			buildConfigurations = (
				39214A3A1D05203B0019422D /* Debug */,
				39214A3B1D05203B0019422D /* Release */,
			);
			defaultConfigurationIsVisible = 0;
			defaultConfigurationName = Release;
		};
		39214A3C1D05203B0019422D /* Build configuration list for PBXNativeTarget "YS_iOS_OtherTests" */ = {
			isa = XCConfigurationList;
			buildConfigurations = (
				39214A3D1D05203B0019422D /* Debug */,
				39214A3E1D05203B0019422D /* Release */,
			);
			defaultConfigurationIsVisible = 0;
			defaultConfigurationName = Release;
		};
		39214A3F1D05203B0019422D /* Build configuration list for PBXNativeTarget "YS_iOS_OtherUITests" */ = {
			isa = XCConfigurationList;
			buildConfigurations = (
				39214A401D05203B0019422D /* Debug */,
				39214A411D05203B0019422D /* Release */,
			);
			defaultConfigurationIsVisible = 0;
			defaultConfigurationName = Release;
		};
/* End XCConfigurationList section */
	};
	rootObject = 39214A041D05203B0019422D /* Project object */;
}
