// !$*UTF8*$!
{
	archiveVersion = 1;
	classes = {
	};
	objectVersion = 46;
	objects = {

/* Begin PBXBuildFile section */
		39ED2D1A1C618A3C0064F98D /* main.m in Sources */ = {isa = PBXBuildFile; fileRef = 39ED2D191C618A3C0064F98D /* main.m */; };
		39ED2D1D1C618A3C0064F98D /* AppDelegate.m in Sources */ = {isa = PBXBuildFile; fileRef = 39ED2D1C1C618A3C0064F98D /* AppDelegate.m */; };
		39ED2D201C618A3C0064F98D /* ViewController.m in Sources */ = {isa = PBXBuildFile; fileRef = 39ED2D1F1C618A3C0064F98D /* ViewController.m */; };
		39ED2D231C618A3C0064F98D /* Main.storyboard in Resources */ = {isa = PBXBuildFile; fileRef = 39ED2D211C618A3C0064F98D /* Main.storyboard */; };
		39ED2D251C618A3C0064F98D /* Assets.xcassets in Resources */ = {isa = PBXBuildFile; fileRef = 39ED2D241C618A3C0064F98D /* Assets.xcassets */; };
		39ED2D281C618A3C0064F98D /* LaunchScreen.storyboard in Resources */ = {isa = PBXBuildFile; fileRef = 39ED2D261C618A3C0064F98D /* LaunchScreen.storyboard */; };
		39ED2D331C618A3D0064F98D /* YSQQYiJianTuiChaoTests.m in Sources */ = {isa = PBXBuildFile; fileRef = 39ED2D321C618A3D0064F98D /* YSQQYiJianTuiChaoTests.m */; };
		39ED2D3E1C618A3D0064F98D /* YSQQYiJianTuiChaoUITests.m in Sources */ = {isa = PBXBuildFile; fileRef = 39ED2D3D1C618A3D0064F98D /* YSQQYiJianTuiChaoUITests.m */; };
		39ED2D591C6196BA0064F98D /* YSQQRedBallCanvas.m in Sources */ = {isa = PBXBuildFile; fileRef = 39ED2D581C6196BA0064F98D /* YSQQRedBallCanvas.m */; };
		39ED2D5C1C6197EC0064F98D /* YSCircle.m in Sources */ = {isa = PBXBuildFile; fileRef = 39ED2D5B1C6197EC0064F98D /* YSCircle.m */; };
/* End PBXBuildFile section */

/* Begin PBXContainerItemProxy section */
		39ED2D2F1C618A3D0064F98D /* PBXContainerItemProxy */ = {
			isa = PBXContainerItemProxy;
			containerPortal = 39ED2D0D1C618A3C0064F98D /* Project object */;
			proxyType = 1;
			remoteGlobalIDString = 39ED2D141C618A3C0064F98D;
			remoteInfo = YSQQYiJianTuiChao;
		};
		39ED2D3A1C618A3D0064F98D /* PBXContainerItemProxy */ = {
			isa = PBXContainerItemProxy;
			containerPortal = 39ED2D0D1C618A3C0064F98D /* Project object */;
			proxyType = 1;
			remoteGlobalIDString = 39ED2D141C618A3C0064F98D;
			remoteInfo = YSQQYiJianTuiChao;
		};
/* End PBXContainerItemProxy section */

/* Begin PBXFileReference section */
		39ED2D151C618A3C0064F98D /* YSQQYiJianTuiChao.app */ = {isa = PBXFileReference; explicitFileType = wrapper.application; includeInIndex = 0; path = YSQQYiJianTuiChao.app; sourceTree = BUILT_PRODUCTS_DIR; };
		39ED2D191C618A3C0064F98D /* main.m */ = {isa = PBXFileReference; lastKnownFileType = sourcecode.c.objc; path = main.m; sourceTree = "<group>"; };
		39ED2D1B1C618A3C0064F98D /* AppDelegate.h */ = {isa = PBXFileReference; lastKnownFileType = sourcecode.c.h; name = AppDelegate.h; path = ../../../AppDelegate.h; sourceTree = "<group>"; };
		39ED2D1C1C618A3C0064F98D /* AppDelegate.m */ = {isa = PBXFileReference; lastKnownFileType = sourcecode.c.objc; name = AppDelegate.m; path = ../../../AppDelegate.m; sourceTree = "<group>"; };
		39ED2D1E1C618A3C0064F98D /* ViewController.h */ = {isa = PBXFileReference; lastKnownFileType = sourcecode.c.h; name = ViewController.h; path = ../../ViewController.h; sourceTree = "<group>"; };
		39ED2D1F1C618A3C0064F98D /* ViewController.m */ = {isa = PBXFileReference; lastKnownFileType = sourcecode.c.objc; name = ViewController.m; path = ../../ViewController.m; sourceTree = "<group>"; };
		39ED2D221C618A3C0064F98D /* Base */ = {isa = PBXFileReference; lastKnownFileType = file.storyboard; name = Base; path = Base.lproj/Main.storyboard; sourceTree = "<group>"; };
		39ED2D241C618A3C0064F98D /* Assets.xcassets */ = {isa = PBXFileReference; lastKnownFileType = folder.assetcatalog; path = Assets.xcassets; sourceTree = "<group>"; };
		39ED2D271C618A3C0064F98D /* Base */ = {isa = PBXFileReference; lastKnownFileType = file.storyboard; name = Base; path = Base.lproj/LaunchScreen.storyboard; sourceTree = "<group>"; };
		39ED2D291C618A3C0064F98D /* Info.plist */ = {isa = PBXFileReference; lastKnownFileType = text.plist.xml; path = Info.plist; sourceTree = "<group>"; };
		39ED2D2E1C618A3D0064F98D /* YSQQYiJianTuiChaoTests.xctest */ = {isa = PBXFileReference; explicitFileType = wrapper.cfbundle; includeInIndex = 0; path = YSQQYiJianTuiChaoTests.xctest; sourceTree = BUILT_PRODUCTS_DIR; };
		39ED2D321C618A3D0064F98D /* YSQQYiJianTuiChaoTests.m */ = {isa = PBXFileReference; lastKnownFileType = sourcecode.c.objc; path = YSQQYiJianTuiChaoTests.m; sourceTree = "<group>"; };
		39ED2D341C618A3D0064F98D /* Info.plist */ = {isa = PBXFileReference; lastKnownFileType = text.plist.xml; path = Info.plist; sourceTree = "<group>"; };
		39ED2D391C618A3D0064F98D /* YSQQYiJianTuiChaoUITests.xctest */ = {isa = PBXFileReference; explicitFileType = wrapper.cfbundle; includeInIndex = 0; path = YSQQYiJianTuiChaoUITests.xctest; sourceTree = BUILT_PRODUCTS_DIR; };
		39ED2D3D1C618A3D0064F98D /* YSQQYiJianTuiChaoUITests.m */ = {isa = PBXFileReference; lastKnownFileType = sourcecode.c.objc; path = YSQQYiJianTuiChaoUITests.m; sourceTree = "<group>"; };
		39ED2D3F1C618A3D0064F98D /* Info.plist */ = {isa = PBXFileReference; lastKnownFileType = text.plist.xml; path = Info.plist; sourceTree = "<group>"; };
		39ED2D571C6196BA0064F98D /* YSQQRedBallCanvas.h */ = {isa = PBXFileReference; fileEncoding = 4; lastKnownFileType = sourcecode.c.h; path = YSQQRedBallCanvas.h; sourceTree = "<group>"; };
		39ED2D581C6196BA0064F98D /* YSQQRedBallCanvas.m */ = {isa = PBXFileReference; fileEncoding = 4; lastKnownFileType = sourcecode.c.objc; path = YSQQRedBallCanvas.m; sourceTree = "<group>"; };
		39ED2D5A1C6197EC0064F98D /* YSCircle.h */ = {isa = PBXFileReference; fileEncoding = 4; lastKnownFileType = sourcecode.c.h; path = YSCircle.h; sourceTree = "<group>"; };
		39ED2D5B1C6197EC0064F98D /* YSCircle.m */ = {isa = PBXFileReference; fileEncoding = 4; lastKnownFileType = sourcecode.c.objc; path = YSCircle.m; sourceTree = "<group>"; };
/* End PBXFileReference section */

/* Begin PBXFrameworksBuildPhase section */
		39ED2D121C618A3C0064F98D /* Frameworks */ = {
			isa = PBXFrameworksBuildPhase;
			buildActionMask = 2147483647;
			files = (
			);
			runOnlyForDeploymentPostprocessing = 0;
		};
		39ED2D2B1C618A3D0064F98D /* Frameworks */ = {
			isa = PBXFrameworksBuildPhase;
			buildActionMask = 2147483647;
			files = (
			);
			runOnlyForDeploymentPostprocessing = 0;
		};
		39ED2D361C618A3D0064F98D /* Frameworks */ = {
			isa = PBXFrameworksBuildPhase;
			buildActionMask = 2147483647;
			files = (
			);
			runOnlyForDeploymentPostprocessing = 0;
		};
/* End PBXFrameworksBuildPhase section */

/* Begin PBXGroup section */
		39ED2D0C1C618A3C0064F98D = {
			isa = PBXGroup;
			children = (
				39ED2D171C618A3C0064F98D /* YSQQYiJianTuiChao */,
				39ED2D311C618A3D0064F98D /* YSQQYiJianTuiChaoTests */,
				39ED2D3C1C618A3D0064F98D /* YSQQYiJianTuiChaoUITests */,
				39ED2D161C618A3C0064F98D /* Products */,
			);
			sourceTree = "<group>";
		};
		39ED2D161C618A3C0064F98D /* Products */ = {
			isa = PBXGroup;
			children = (
				39ED2D151C618A3C0064F98D /* YSQQYiJianTuiChao.app */,
				39ED2D2E1C618A3D0064F98D /* YSQQYiJianTuiChaoTests.xctest */,
				39ED2D391C618A3D0064F98D /* YSQQYiJianTuiChaoUITests.xctest */,
			);
			name = Products;
			sourceTree = "<group>";
		};
		39ED2D171C618A3C0064F98D /* YSQQYiJianTuiChao */ = {
			isa = PBXGroup;
			children = (
				39ED2D4B1C618A480064F98D /* Classes */,
				39ED2D521C618A480064F98D /* Resources */,
				39ED2D181C618A3C0064F98D /* Supporting Files */,
			);
			path = YSQQYiJianTuiChao;
			sourceTree = "<group>";
		};
		39ED2D181C618A3C0064F98D /* Supporting Files */ = {
			isa = PBXGroup;
			children = (
				39ED2D211C618A3C0064F98D /* Main.storyboard */,
				39ED2D241C618A3C0064F98D /* Assets.xcassets */,
				39ED2D261C618A3C0064F98D /* LaunchScreen.storyboard */,
				39ED2D291C618A3C0064F98D /* Info.plist */,
				39ED2D191C618A3C0064F98D /* main.m */,
			);
			name = "Supporting Files";
			sourceTree = "<group>";
		};
		39ED2D311C618A3D0064F98D /* YSQQYiJianTuiChaoTests */ = {
			isa = PBXGroup;
			children = (
				39ED2D321C618A3D0064F98D /* YSQQYiJianTuiChaoTests.m */,
				39ED2D341C618A3D0064F98D /* Info.plist */,
			);
			path = YSQQYiJianTuiChaoTests;
			sourceTree = "<group>";
		};
		39ED2D3C1C618A3D0064F98D /* YSQQYiJianTuiChaoUITests */ = {
			isa = PBXGroup;
			children = (
				39ED2D3D1C618A3D0064F98D /* YSQQYiJianTuiChaoUITests.m */,
				39ED2D3F1C618A3D0064F98D /* Info.plist */,
			);
			path = YSQQYiJianTuiChaoUITests;
			sourceTree = "<group>";
		};
		39ED2D4B1C618A480064F98D /* Classes */ = {
			isa = PBXGroup;
			children = (
				39ED2D4C1C618A480064F98D /* Categories */,
				39ED2D4D1C618A480064F98D /* Items */,
				39ED2D4F1C618A480064F98D /* Libs */,
				39ED2D501C618A480064F98D /* Models */,
				39ED2D511C618A480064F98D /* Tools */,
			);
			path = Classes;
			sourceTree = "<group>";
		};
		39ED2D4C1C618A480064F98D /* Categories */ = {
			isa = PBXGroup;
			children = (
			);
			path = Categories;
			sourceTree = "<group>";
		};
		39ED2D4D1C618A480064F98D /* Items */ = {
			isa = PBXGroup;
			children = (
				39ED2D1E1C618A3C0064F98D /* ViewController.h */,
				39ED2D1F1C618A3C0064F98D /* ViewController.m */,
				39ED2D4E1C618A480064F98D /* Main */,
			);
			path = Items;
			sourceTree = "<group>";
		};
		39ED2D4E1C618A480064F98D /* Main */ = {
			isa = PBXGroup;
			children = (
				39ED2D1B1C618A3C0064F98D /* AppDelegate.h */,
				39ED2D1C1C618A3C0064F98D /* AppDelegate.m */,
			);
			path = Main;
			sourceTree = "<group>";
		};
		39ED2D4F1C618A480064F98D /* Libs */ = {
			isa = PBXGroup;
			children = (
				39ED2D571C6196BA0064F98D /* YSQQRedBallCanvas.h */,
				39ED2D581C6196BA0064F98D /* YSQQRedBallCanvas.m */,
				39ED2D5A1C6197EC0064F98D /* YSCircle.h */,
				39ED2D5B1C6197EC0064F98D /* YSCircle.m */,
			);
			path = Libs;
			sourceTree = "<group>";
		};
		39ED2D501C618A480064F98D /* Models */ = {
			isa = PBXGroup;
			children = (
			);
			path = Models;
			sourceTree = "<group>";
		};
		39ED2D511C618A480064F98D /* Tools */ = {
			isa = PBXGroup;
			children = (
			);
			path = Tools;
			sourceTree = "<group>";
		};
		39ED2D521C618A480064F98D /* Resources */ = {
			isa = PBXGroup;
			children = (
				39ED2D531C618A480064F98D /* audios */,
				39ED2D541C618A480064F98D /* iamges */,
				39ED2D551C618A480064F98D /* plist */,
				39ED2D561C618A480064F98D /* video */,
			);
			path = Resources;
			sourceTree = "<group>";
		};
		39ED2D531C618A480064F98D /* audios */ = {
			isa = PBXGroup;
			children = (
			);
			path = audios;
			sourceTree = "<group>";
		};
		39ED2D541C618A480064F98D /* iamges */ = {
			isa = PBXGroup;
			children = (
			);
			path = iamges;
			sourceTree = "<group>";
		};
		39ED2D551C618A480064F98D /* plist */ = {
			isa = PBXGroup;
			children = (
			);
			path = plist;
			sourceTree = "<group>";
		};
		39ED2D561C618A480064F98D /* video */ = {
			isa = PBXGroup;
			children = (
			);
			path = video;
			sourceTree = "<group>";
		};
/* End PBXGroup section */

/* Begin PBXNativeTarget section */
		39ED2D141C618A3C0064F98D /* YSQQYiJianTuiChao */ = {
			isa = PBXNativeTarget;
			buildConfigurationList = 39ED2D421C618A3D0064F98D /* Build configuration list for PBXNativeTarget "YSQQYiJianTuiChao" */;
			buildPhases = (
				39ED2D111C618A3C0064F98D /* Sources */,
				39ED2D121C618A3C0064F98D /* Frameworks */,
				39ED2D131C618A3C0064F98D /* Resources */,
			);
			buildRules = (
			);
			dependencies = (
			);
			name = YSQQYiJianTuiChao;
			productName = YSQQYiJianTuiChao;
			productReference = 39ED2D151C618A3C0064F98D /* YSQQYiJianTuiChao.app */;
			productType = "com.apple.product-type.application";
		};
		39ED2D2D1C618A3D0064F98D /* YSQQYiJianTuiChaoTests */ = {
			isa = PBXNativeTarget;
			buildConfigurationList = 39ED2D451C618A3D0064F98D /* Build configuration list for PBXNativeTarget "YSQQYiJianTuiChaoTests" */;
			buildPhases = (
				39ED2D2A1C618A3D0064F98D /* Sources */,
				39ED2D2B1C618A3D0064F98D /* Frameworks */,
				39ED2D2C1C618A3D0064F98D /* Resources */,
			);
			buildRules = (
			);
			dependencies = (
				39ED2D301C618A3D0064F98D /* PBXTargetDependency */,
			);
			name = YSQQYiJianTuiChaoTests;
			productName = YSQQYiJianTuiChaoTests;
			productReference = 39ED2D2E1C618A3D0064F98D /* YSQQYiJianTuiChaoTests.xctest */;
			productType = "com.apple.product-type.bundle.unit-test";
		};
		39ED2D381C618A3D0064F98D /* YSQQYiJianTuiChaoUITests */ = {
			isa = PBXNativeTarget;
			buildConfigurationList = 39ED2D481C618A3D0064F98D /* Build configuration list for PBXNativeTarget "YSQQYiJianTuiChaoUITests" */;
			buildPhases = (
				39ED2D351C618A3D0064F98D /* Sources */,
				39ED2D361C618A3D0064F98D /* Frameworks */,
				39ED2D371C618A3D0064F98D /* Resources */,
			);
			buildRules = (
			);
			dependencies = (
				39ED2D3B1C618A3D0064F98D /* PBXTargetDependency */,
			);
			name = YSQQYiJianTuiChaoUITests;
			productName = YSQQYiJianTuiChaoUITests;
			productReference = 39ED2D391C618A3D0064F98D /* YSQQYiJianTuiChaoUITests.xctest */;
			productType = "com.apple.product-type.bundle.ui-testing";
		};
/* End PBXNativeTarget section */

/* Begin PBXProject section */
		39ED2D0D1C618A3C0064F98D /* Project object */ = {
			isa = PBXProject;
			attributes = {
				LastUpgradeCheck = 0710;
				ORGANIZATIONNAME = YJ;
				TargetAttributes = {
					39ED2D141C618A3C0064F98D = {
						CreatedOnToolsVersion = 7.1;
					};
					39ED2D2D1C618A3D0064F98D = {
						CreatedOnToolsVersion = 7.1;
						TestTargetID = 39ED2D141C618A3C0064F98D;
					};
					39ED2D381C618A3D0064F98D = {
						CreatedOnToolsVersion = 7.1;
						TestTargetID = 39ED2D141C618A3C0064F98D;
					};
				};
			};
			buildConfigurationList = 39ED2D101C618A3C0064F98D /* Build configuration list for PBXProject "YSQQYiJianTuiChao" */;
			compatibilityVersion = "Xcode 3.2";
			developmentRegion = English;
			hasScannedForEncodings = 0;
			knownRegions = (
				en,
				Base,
			);
			mainGroup = 39ED2D0C1C618A3C0064F98D;
			productRefGroup = 39ED2D161C618A3C0064F98D /* Products */;
			projectDirPath = "";
			projectRoot = "";
			targets = (
				39ED2D141C618A3C0064F98D /* YSQQYiJianTuiChao */,
				39ED2D2D1C618A3D0064F98D /* YSQQYiJianTuiChaoTests */,
				39ED2D381C618A3D0064F98D /* YSQQYiJianTuiChaoUITests */,
			);
		};
/* End PBXProject section */

/* Begin PBXResourcesBuildPhase section */
		39ED2D131C618A3C0064F98D /* Resources */ = {
			isa = PBXResourcesBuildPhase;
			buildActionMask = 2147483647;
			files = (
				39ED2D281C618A3C0064F98D /* LaunchScreen.storyboard in Resources */,
				39ED2D251C618A3C0064F98D /* Assets.xcassets in Resources */,
				39ED2D231C618A3C0064F98D /* Main.storyboard in Resources */,
			);
			runOnlyForDeploymentPostprocessing = 0;
		};
		39ED2D2C1C618A3D0064F98D /* Resources */ = {
			isa = PBXResourcesBuildPhase;
			buildActionMask = 2147483647;
			files = (
			);
			runOnlyForDeploymentPostprocessing = 0;
		};
		39ED2D371C618A3D0064F98D /* Resources */ = {
			isa = PBXResourcesBuildPhase;
			buildActionMask = 2147483647;
			files = (
			);
			runOnlyForDeploymentPostprocessing = 0;
		};
/* End PBXResourcesBuildPhase section */

/* Begin PBXSourcesBuildPhase section */
		39ED2D111C618A3C0064F98D /* Sources */ = {
			isa = PBXSourcesBuildPhase;
			buildActionMask = 2147483647;
			files = (
				39ED2D201C618A3C0064F98D /* ViewController.m in Sources */,
				39ED2D1D1C618A3C0064F98D /* AppDelegate.m in Sources */,
				39ED2D591C6196BA0064F98D /* YSQQRedBallCanvas.m in Sources */,
				39ED2D5C1C6197EC0064F98D /* YSCircle.m in Sources */,
				39ED2D1A1C618A3C0064F98D /* main.m in Sources */,
			);
			runOnlyForDeploymentPostprocessing = 0;
		};
		39ED2D2A1C618A3D0064F98D /* Sources */ = {
			isa = PBXSourcesBuildPhase;
			buildActionMask = 2147483647;
			files = (
				39ED2D331C618A3D0064F98D /* YSQQYiJianTuiChaoTests.m in Sources */,
			);
			runOnlyForDeploymentPostprocessing = 0;
		};
		39ED2D351C618A3D0064F98D /* Sources */ = {
			isa = PBXSourcesBuildPhase;
			buildActionMask = 2147483647;
			files = (
				39ED2D3E1C618A3D0064F98D /* YSQQYiJianTuiChaoUITests.m in Sources */,
			);
			runOnlyForDeploymentPostprocessing = 0;
		};
/* End PBXSourcesBuildPhase section */

/* Begin PBXTargetDependency section */
		39ED2D301C618A3D0064F98D /* PBXTargetDependency */ = {
			isa = PBXTargetDependency;
			target = 39ED2D141C618A3C0064F98D /* YSQQYiJianTuiChao */;
			targetProxy = 39ED2D2F1C618A3D0064F98D /* PBXContainerItemProxy */;
		};
		39ED2D3B1C618A3D0064F98D /* PBXTargetDependency */ = {
			isa = PBXTargetDependency;
			target = 39ED2D141C618A3C0064F98D /* YSQQYiJianTuiChao */;
			targetProxy = 39ED2D3A1C618A3D0064F98D /* PBXContainerItemProxy */;
		};
/* End PBXTargetDependency section */

/* Begin PBXVariantGroup section */
		39ED2D211C618A3C0064F98D /* Main.storyboard */ = {
			isa = PBXVariantGroup;
			children = (
				39ED2D221C618A3C0064F98D /* Base */,
			);
			name = Main.storyboard;
			sourceTree = "<group>";
		};
		39ED2D261C618A3C0064F98D /* LaunchScreen.storyboard */ = {
			isa = PBXVariantGroup;
			children = (
				39ED2D271C618A3C0064F98D /* Base */,
			);
			name = LaunchScreen.storyboard;
			sourceTree = "<group>";
		};
/* End PBXVariantGroup section */

/* Begin XCBuildConfiguration section */
		39ED2D401C618A3D0064F98D /* Debug */ = {
			isa = XCBuildConfiguration;
			buildSettings = {
				ALWAYS_SEARCH_USER_PATHS = NO;
				CLANG_CXX_LANGUAGE_STANDARD = "gnu++0x";
				CLANG_CXX_LIBRARY = "libc++";
				CLANG_ENABLE_MODULES = YES;
				CLANG_ENABLE_OBJC_ARC = YES;
				CLANG_WARN_BOOL_CONVERSION = YES;
				CLANG_WARN_CONSTANT_CONVERSION = YES;
				CLANG_WARN_DIRECT_OBJC_ISA_USAGE = YES_ERROR;
				CLANG_WARN_EMPTY_BODY = YES;
				CLANG_WARN_ENUM_CONVERSION = YES;
				CLANG_WARN_INT_CONVERSION = YES;
				CLANG_WARN_OBJC_ROOT_CLASS = YES_ERROR;
				CLANG_WARN_UNREACHABLE_CODE = YES;
				CLANG_WARN__DUPLICATE_METHOD_MATCH = YES;
				"CODE_SIGN_IDENTITY[sdk=iphoneos*]" = "iPhone Developer";
				COPY_PHASE_STRIP = NO;
				DEBUG_INFORMATION_FORMAT = dwarf;
				ENABLE_STRICT_OBJC_MSGSEND = YES;
				ENABLE_TESTABILITY = YES;
				GCC_C_LANGUAGE_STANDARD = gnu99;
				GCC_DYNAMIC_NO_PIC = NO;
				GCC_NO_COMMON_BLOCKS = YES;
				GCC_OPTIMIZATION_LEVEL = 0;
				GCC_PREPROCESSOR_DEFINITIONS = (
					"DEBUG=1",
					"$(inherited)",
				);
				GCC_WARN_64_TO_32_BIT_CONVERSION = YES;
				GCC_WARN_ABOUT_RETURN_TYPE = YES_ERROR;
				GCC_WARN_UNDECLARED_SELECTOR = YES;
				GCC_WARN_UNINITIALIZED_AUTOS = YES_AGGRESSIVE;
				GCC_WARN_UNUSED_FUNCTION = YES;
				GCC_WARN_UNUSED_VARIABLE = YES;
				IPHONEOS_DEPLOYMENT_TARGET = 9.1;
				MTL_ENABLE_DEBUG_INFO = YES;
				ONLY_ACTIVE_ARCH = YES;
				SDKROOT = iphoneos;
				TARGETED_DEVICE_FAMILY = "1,2";
			};
			name = Debug;
		};
		39ED2D411C618A3D0064F98D /* Release */ = {
			isa = XCBuildConfiguration;
			buildSettings = {
				ALWAYS_SEARCH_USER_PATHS = NO;
				CLANG_CXX_LANGUAGE_STANDARD = "gnu++0x";
				CLANG_CXX_LIBRARY = "libc++";
				CLANG_ENABLE_MODULES = YES;
				CLANG_ENABLE_OBJC_ARC = YES;
				CLANG_WARN_BOOL_CONVERSION = YES;
				CLANG_WARN_CONSTANT_CONVERSION = YES;
				CLANG_WARN_DIRECT_OBJC_ISA_USAGE = YES_ERROR;
				CLANG_WARN_EMPTY_BODY = YES;
				CLANG_WARN_ENUM_CONVERSION = YES;
				CLANG_WARN_INT_CONVERSION = YES;
				CLANG_WARN_OBJC_ROOT_CLASS = YES_ERROR;
				CLANG_WARN_UNREACHABLE_CODE = YES;
				CLANG_WARN__DUPLICATE_METHOD_MATCH = YES;
				"CODE_SIGN_IDENTITY[sdk=iphoneos*]" = "iPhone Developer";
				COPY_PHASE_STRIP = NO;
				DEBUG_INFORMATION_FORMAT = "dwarf-with-dsym";
				ENABLE_NS_ASSERTIONS = NO;
				ENABLE_STRICT_OBJC_MSGSEND = YES;
				GCC_C_LANGUAGE_STANDARD = gnu99;
				GCC_NO_COMMON_BLOCKS = YES;
				GCC_WARN_64_TO_32_BIT_CONVERSION = YES;
				GCC_WARN_ABOUT_RETURN_TYPE = YES_ERROR;
				GCC_WARN_UNDECLARED_SELECTOR = YES;
				GCC_WARN_UNINITIALIZED_AUTOS = YES_AGGRESSIVE;
				GCC_WARN_UNUSED_FUNCTION = YES;
				GCC_WARN_UNUSED_VARIABLE = YES;
				IPHONEOS_DEPLOYMENT_TARGET = 9.1;
				MTL_ENABLE_DEBUG_INFO = NO;
				SDKROOT = iphoneos;
				TARGETED_DEVICE_FAMILY = "1,2";
				VALIDATE_PRODUCT = YES;
			};
			name = Release;
		};
		39ED2D431C618A3D0064F98D /* Debug */ = {
			isa = XCBuildConfiguration;
			buildSettings = {
				ASSETCATALOG_COMPILER_APPICON_NAME = AppIcon;
				INFOPLIST_FILE = YSQQYiJianTuiChao/Info.plist;
				LD_RUNPATH_SEARCH_PATHS = "$(inherited) @executable_path/Frameworks";
				PRODUCT_BUNDLE_IDENTIFIER = com.yibaomd.YSQQYiJianTuiChao;
				PRODUCT_NAME = "$(TARGET_NAME)";
			};
			name = Debug;
		};
		39ED2D441C618A3D0064F98D /* Release */ = {
			isa = XCBuildConfiguration;
			buildSettings = {
				ASSETCATALOG_COMPILER_APPICON_NAME = AppIcon;
				INFOPLIST_FILE = YSQQYiJianTuiChao/Info.plist;
				LD_RUNPATH_SEARCH_PATHS = "$(inherited) @executable_path/Frameworks";
				PRODUCT_BUNDLE_IDENTIFIER = com.yibaomd.YSQQYiJianTuiChao;
				PRODUCT_NAME = "$(TARGET_NAME)";
			};
			name = Release;
		};
		39ED2D461C618A3D0064F98D /* Debug */ = {
			isa = XCBuildConfiguration;
			buildSettings = {
				BUNDLE_LOADER = "$(TEST_HOST)";
				INFOPLIST_FILE = YSQQYiJianTuiChaoTests/Info.plist;
				LD_RUNPATH_SEARCH_PATHS = "$(inherited) @executable_path/Frameworks @loader_path/Frameworks";
				PRODUCT_BUNDLE_IDENTIFIER = com.yibaomd.YSQQYiJianTuiChaoTests;
				PRODUCT_NAME = "$(TARGET_NAME)";
				TEST_HOST = "$(BUILT_PRODUCTS_DIR)/YSQQYiJianTuiChao.app/YSQQYiJianTuiChao";
			};
			name = Debug;
		};
		39ED2D471C618A3D0064F98D /* Release */ = {
			isa = XCBuildConfiguration;
			buildSettings = {
				BUNDLE_LOADER = "$(TEST_HOST)";
				INFOPLIST_FILE = YSQQYiJianTuiChaoTests/Info.plist;
				LD_RUNPATH_SEARCH_PATHS = "$(inherited) @executable_path/Frameworks @loader_path/Frameworks";
				PRODUCT_BUNDLE_IDENTIFIER = com.yibaomd.YSQQYiJianTuiChaoTests;
				PRODUCT_NAME = "$(TARGET_NAME)";
				TEST_HOST = "$(BUILT_PRODUCTS_DIR)/YSQQYiJianTuiChao.app/YSQQYiJianTuiChao";
			};
			name = Release;
		};
		39ED2D491C618A3D0064F98D /* Debug */ = {
			isa = XCBuildConfiguration;
			buildSettings = {
				INFOPLIST_FILE = YSQQYiJianTuiChaoUITests/Info.plist;
				LD_RUNPATH_SEARCH_PATHS = "$(inherited) @executable_path/Frameworks @loader_path/Frameworks";
				PRODUCT_BUNDLE_IDENTIFIER = com.yibaomd.YSQQYiJianTuiChaoUITests;
				PRODUCT_NAME = "$(TARGET_NAME)";
				TEST_TARGET_NAME = YSQQYiJianTuiChao;
				USES_XCTRUNNER = YES;
			};
			name = Debug;
		};
		39ED2D4A1C618A3D0064F98D /* Release */ = {
			isa = XCBuildConfiguration;
			buildSettings = {
				INFOPLIST_FILE = YSQQYiJianTuiChaoUITests/Info.plist;
				LD_RUNPATH_SEARCH_PATHS = "$(inherited) @executable_path/Frameworks @loader_path/Frameworks";
				PRODUCT_BUNDLE_IDENTIFIER = com.yibaomd.YSQQYiJianTuiChaoUITests;
				PRODUCT_NAME = "$(TARGET_NAME)";
				TEST_TARGET_NAME = YSQQYiJianTuiChao;
				USES_XCTRUNNER = YES;
			};
			name = Release;
		};
/* End XCBuildConfiguration section */

/* Begin XCConfigurationList section */
		39ED2D101C618A3C0064F98D /* Build configuration list for PBXProject "YSQQYiJianTuiChao" */ = {
			isa = XCConfigurationList;
			buildConfigurations = (
				39ED2D401C618A3D0064F98D /* Debug */,
				39ED2D411C618A3D0064F98D /* Release */,
			);
			defaultConfigurationIsVisible = 0;
			defaultConfigurationName = Release;
		};
		39ED2D421C618A3D0064F98D /* Build configuration list for PBXNativeTarget "YSQQYiJianTuiChao" */ = {
			isa = XCConfigurationList;
			buildConfigurations = (
				39ED2D431C618A3D0064F98D /* Debug */,
				39ED2D441C618A3D0064F98D /* Release */,
			);
			defaultConfigurationIsVisible = 0;
		};
		39ED2D451C618A3D0064F98D /* Build configuration list for PBXNativeTarget "YSQQYiJianTuiChaoTests" */ = {
			isa = XCConfigurationList;
			buildConfigurations = (
				39ED2D461C618A3D0064F98D /* Debug */,
				39ED2D471C618A3D0064F98D /* Release */,
			);
			defaultConfigurationIsVisible = 0;
		};
		39ED2D481C618A3D0064F98D /* Build configuration list for PBXNativeTarget "YSQQYiJianTuiChaoUITests" */ = {
			isa = XCConfigurationList;
			buildConfigurations = (
				39ED2D491C618A3D0064F98D /* Debug */,
				39ED2D4A1C618A3D0064F98D /* Release */,
			);
			defaultConfigurationIsVisible = 0;
		};
/* End XCConfigurationList section */
	};
	rootObject = 39ED2D0D1C618A3C0064F98D /* Project object */;
}
